
Microsoft Visual Studio Solution File, Format Version 12.00
# Visual Studio 15
VisualStudioVersion = 15.0.27130.2010
MinimumVisualStudioVersion = 10.0.40219.1
Project("{FAE04EC0-301F-11D3-BF4B-00C04F79EFBC}") = "CustomVisionCompanion.Android", "CustomVisionCompanion\CustomVisionCompanion.Android\CustomVisionCompanion.Android.csproj", "{C1108D09-45CB-4BCC-84EE-27DED238EA68}"
EndProject
Project("{FAE04EC0-301F-11D3-BF4B-00C04F79EFBC}") = "CustomVisionCompanion.UWP", "CustomVisionCompanion\CustomVisionCompanion.UWP\CustomVisionCompanion.UWP.csproj", "{19B722CA-A31E-4A8C-AD82-BEA2E945C5D3}"
EndProject
Project("{FAE04EC0-301F-11D3-BF4B-00C04F79EFBC}") = "CustomVisionCompanion.iOS", "CustomVisionCompanion\CustomVisionCompanion.iOS\CustomVisionCompanion.iOS.csproj", "{52E2FDD8-5366-4FAD-989C-56C88E425CE3}"
EndProject
Project("{FAE04EC0-301F-11D3-BF4B-00C04F79EFBC}") = "CustomVisionCompanion", "CustomVisionCompanion\CustomVisionCompanion\CustomVisionCompanion.csproj", "{1568FE85-FE5F-4A81-B5D7-C1A9435BC817}"
EndProject
Project("{FAE04EC0-301F-11D3-BF4B-00C04F79EFBC}") = "TensorFlowXamarin", "TensorFlowXamarin\TensorFlowXamarin.csproj", "{1557F11A-244E-4DCF-BB90-B01C916E84E8}"
EndProject
Project("{2150E333-8FDC-42A3-9474-1A3956D46DE8}") = "Support", "Support", "{49644928-C70D-4C7E-A5E9-E33CCAC3F307}"
EndProject
Global
	GlobalSection(SolutionConfigurationPlatforms) = preSolution
		Ad-Hoc|Any CPU = Ad-Hoc|Any CPU
		Ad-Hoc|ARM = Ad-Hoc|ARM
		Ad-Hoc|iPhone = Ad-Hoc|iPhone
		Ad-Hoc|iPhoneSimulator = Ad-Hoc|iPhoneSimulator
		Ad-Hoc|x64 = Ad-Hoc|x64
		Ad-Hoc|x86 = Ad-Hoc|x86
		AppStore|Any CPU = AppStore|Any CPU
		AppStore|ARM = AppStore|ARM
		AppStore|iPhone = AppStore|iPhone
		AppStore|iPhoneSimulator = AppStore|iPhoneSimulator
		AppStore|x64 = AppStore|x64
		AppStore|x86 = AppStore|x86
		Debug|Any CPU = Debug|Any CPU
		Debug|ARM = Debug|ARM
		Debug|iPhone = Debug|iPhone
		Debug|iPhoneSimulator = Debug|iPhoneSimulator
		Debug|x64 = Debug|x64
		Debug|x86 = Debug|x86
		Release|Any CPU = Release|Any CPU
		Release|ARM = Release|ARM
		Release|iPhone = Release|iPhone
		Release|iPhoneSimulator = Release|iPhoneSimulator
		Release|x64 = Release|x64
		Release|x86 = Release|x86
	EndGlobalSection
	GlobalSection(ProjectConfigurationPlatforms) = postSolution
		{C1108D09-45CB-4BCC-84EE-27DED238EA68}.Ad-Hoc|Any CPU.ActiveCfg = Release|Any CPU
		{C1108D09-45CB-4BCC-84EE-27DED238EA68}.Ad-Hoc|Any CPU.Build.0 = Release|Any CPU
		{C1108D09-45CB-4BCC-84EE-27DED238EA68}.Ad-Hoc|Any CPU.Deploy.0 = Release|Any CPU
		{C1108D09-45CB-4BCC-84EE-27DED238EA68}.Ad-Hoc|ARM.ActiveCfg = Release|Any CPU
		{C1108D09-45CB-4BCC-84EE-27DED238EA68}.Ad-Hoc|ARM.Build.0 = Release|Any CPU
		{C1108D09-45CB-4BCC-84EE-27DED238EA68}.Ad-Hoc|ARM.Deploy.0 = Release|Any CPU
		{C1108D09-45CB-4BCC-84EE-27DED238EA68}.Ad-Hoc|iPhone.ActiveCfg = Release|Any CPU
		{C1108D09-45CB-4BCC-84EE-27DED238EA68}.Ad-Hoc|iPhone.Build.0 = Release|Any CPU
		{C1108D09-45CB-4BCC-84EE-27DED238EA68}.Ad-Hoc|iPhone.Deploy.0 = Release|Any CPU
		{C1108D09-45CB-4BCC-84EE-27DED238EA68}.Ad-Hoc|iPhoneSimulator.ActiveCfg = Release|Any CPU
		{C1108D09-45CB-4BCC-84EE-27DED238EA68}.Ad-Hoc|iPhoneSimulator.Build.0 = Release|Any CPU
		{C1108D09-45CB-4BCC-84EE-27DED238EA68}.Ad-Hoc|iPhoneSimulator.Deploy.0 = Release|Any CPU
		{C1108D09-45CB-4BCC-84EE-27DED238EA68}.Ad-Hoc|x64.ActiveCfg = Release|Any CPU
		{C1108D09-45CB-4BCC-84EE-27DED238EA68}.Ad-Hoc|x64.Build.0 = Release|Any CPU
		{C1108D09-45CB-4BCC-84EE-27DED238EA68}.Ad-Hoc|x64.Deploy.0 = Release|Any CPU
		{C1108D09-45CB-4BCC-84EE-27DED238EA68}.Ad-Hoc|x86.ActiveCfg = Release|Any CPU
		{C1108D09-45CB-4BCC-84EE-27DED238EA68}.Ad-Hoc|x86.Build.0 = Release|Any CPU
		{C1108D09-45CB-4BCC-84EE-27DED238EA68}.Ad-Hoc|x86.Deploy.0 = Release|Any CPU
		{C1108D09-45CB-4BCC-84EE-27DED238EA68}.AppStore|Any CPU.ActiveCfg = Release|Any CPU
		{C1108D09-45CB-4BCC-84EE-27DED238EA68}.AppStore|Any CPU.Build.0 = Release|Any CPU
		{C1108D09-45CB-4BCC-84EE-27DED238EA68}.AppStore|Any CPU.Deploy.0 = Release|Any CPU
		{C1108D09-45CB-4BCC-84EE-27DED238EA68}.AppStore|ARM.ActiveCfg = Release|Any CPU
		{C1108D09-45CB-4BCC-84EE-27DED238EA68}.AppStore|ARM.Build.0 = Release|Any CPU
		{C1108D09-45CB-4BCC-84EE-27DED238EA68}.AppStore|ARM.Deploy.0 = Release|Any CPU
		{C1108D09-45CB-4BCC-84EE-27DED238EA68}.AppStore|iPhone.ActiveCfg = Release|Any CPU
		{C1108D09-45CB-4BCC-84EE-27DED238EA68}.AppStore|iPhone.Build.0 = Release|Any CPU
		{C1108D09-45CB-4BCC-84EE-27DED238EA68}.AppStore|iPhone.Deploy.0 = Release|Any CPU
		{C1108D09-45CB-4BCC-84EE-27DED238EA68}.AppStore|iPhoneSimulator.ActiveCfg = Release|Any CPU
		{C1108D09-45CB-4BCC-84EE-27DED238EA68}.AppStore|iPhoneSimulator.Build.0 = Release|Any CPU
		{C1108D09-45CB-4BCC-84EE-27DED238EA68}.AppStore|iPhoneSimulator.Deploy.0 = Release|Any CPU
		{C1108D09-45CB-4BCC-84EE-27DED238EA68}.AppStore|x64.ActiveCfg = Release|Any CPU
		{C1108D09-45CB-4BCC-84EE-27DED238EA68}.AppStore|x64.Build.0 = Release|Any CPU
		{C1108D09-45CB-4BCC-84EE-27DED238EA68}.AppStore|x64.Deploy.0 = Release|Any CPU
		{C1108D09-45CB-4BCC-84EE-27DED238EA68}.AppStore|x86.ActiveCfg = Release|Any CPU
		{C1108D09-45CB-4BCC-84EE-27DED238EA68}.AppStore|x86.Build.0 = Release|Any CPU
		{C1108D09-45CB-4BCC-84EE-27DED238EA68}.AppStore|x86.Deploy.0 = Release|Any CPU
		{C1108D09-45CB-4BCC-84EE-27DED238EA68}.Debug|Any CPU.ActiveCfg = Debug|Any CPU
		{C1108D09-45CB-4BCC-84EE-27DED238EA68}.Debug|Any CPU.Build.0 = Debug|Any CPU
		{C1108D09-45CB-4BCC-84EE-27DED238EA68}.Debug|Any CPU.Deploy.0 = Debug|Any CPU
		{C1108D09-45CB-4BCC-84EE-27DED238EA68}.Debug|ARM.ActiveCfg = Debug|Any CPU
		{C1108D09-45CB-4BCC-84EE-27DED238EA68}.Debug|ARM.Build.0 = Debug|Any CPU
		{C1108D09-45CB-4BCC-84EE-27DED238EA68}.Debug|ARM.Deploy.0 = Debug|Any CPU
		{C1108D09-45CB-4BCC-84EE-27DED238EA68}.Debug|iPhone.ActiveCfg = Debug|Any CPU
		{C1108D09-45CB-4BCC-84EE-27DED238EA68}.Debug|iPhone.Build.0 = Debug|Any CPU
		{C1108D09-45CB-4BCC-84EE-27DED238EA68}.Debug|iPhone.Deploy.0 = Debug|Any CPU
		{C1108D09-45CB-4BCC-84EE-27DED238EA68}.Debug|iPhoneSimulator.ActiveCfg = Debug|Any CPU
		{C1108D09-45CB-4BCC-84EE-27DED238EA68}.Debug|iPhoneSimulator.Build.0 = Debug|Any CPU
		{C1108D09-45CB-4BCC-84EE-27DED238EA68}.Debug|iPhoneSimulator.Deploy.0 = Debug|Any CPU
		{C1108D09-45CB-4BCC-84EE-27DED238EA68}.Debug|x64.ActiveCfg = Debug|Any CPU
		{C1108D09-45CB-4BCC-84EE-27DED238EA68}.Debug|x64.Build.0 = Debug|Any CPU
		{C1108D09-45CB-4BCC-84EE-27DED238EA68}.Debug|x64.Deploy.0 = Debug|Any CPU
		{C1108D09-45CB-4BCC-84EE-27DED238EA68}.Debug|x86.ActiveCfg = Debug|Any CPU
		{C1108D09-45CB-4BCC-84EE-27DED238EA68}.Debug|x86.Build.0 = Debug|Any CPU
		{C1108D09-45CB-4BCC-84EE-27DED238EA68}.Debug|x86.Deploy.0 = Debug|Any CPU
		{C1108D09-45CB-4BCC-84EE-27DED238EA68}.Release|Any CPU.ActiveCfg = Release|Any CPU
		{C1108D09-45CB-4BCC-84EE-27DED238EA68}.Release|Any CPU.Build.0 = Release|Any CPU
		{C1108D09-45CB-4BCC-84EE-27DED238EA68}.Release|Any CPU.Deploy.0 = Release|Any CPU
		{C1108D09-45CB-4BCC-84EE-27DED238EA68}.Release|ARM.ActiveCfg = Release|Any CPU
		{C1108D09-45CB-4BCC-84EE-27DED238EA68}.Release|ARM.Build.0 = Release|Any CPU
		{C1108D09-45CB-4BCC-84EE-27DED238EA68}.Release|ARM.Deploy.0 = Release|Any CPU
		{C1108D09-45CB-4BCC-84EE-27DED238EA68}.Release|iPhone.ActiveCfg = Release|Any CPU
		{C1108D09-45CB-4BCC-84EE-27DED238EA68}.Release|iPhone.Build.0 = Release|Any CPU
		{C1108D09-45CB-4BCC-84EE-27DED238EA68}.Release|iPhone.Deploy.0 = Release|Any CPU
		{C1108D09-45CB-4BCC-84EE-27DED238EA68}.Release|iPhoneSimulator.ActiveCfg = Release|Any CPU
		{C1108D09-45CB-4BCC-84EE-27DED238EA68}.Release|iPhoneSimulator.Build.0 = Release|Any CPU
		{C1108D09-45CB-4BCC-84EE-27DED238EA68}.Release|iPhoneSimulator.Deploy.0 = Release|Any CPU
		{C1108D09-45CB-4BCC-84EE-27DED238EA68}.Release|x64.ActiveCfg = Release|Any CPU
		{C1108D09-45CB-4BCC-84EE-27DED238EA68}.Release|x64.Build.0 = Release|Any CPU
		{C1108D09-45CB-4BCC-84EE-27DED238EA68}.Release|x64.Deploy.0 = Release|Any CPU
		{C1108D09-45CB-4BCC-84EE-27DED238EA68}.Release|x86.ActiveCfg = Release|Any CPU
		{C1108D09-45CB-4BCC-84EE-27DED238EA68}.Release|x86.Build.0 = Release|Any CPU
		{C1108D09-45CB-4BCC-84EE-27DED238EA68}.Release|x86.Deploy.0 = Release|Any CPU
		{19B722CA-A31E-4A8C-AD82-BEA2E945C5D3}.Ad-Hoc|Any CPU.ActiveCfg = Release|x86
		{19B722CA-A31E-4A8C-AD82-BEA2E945C5D3}.Ad-Hoc|Any CPU.Build.0 = Release|x86
		{19B722CA-A31E-4A8C-AD82-BEA2E945C5D3}.Ad-Hoc|Any CPU.Deploy.0 = Release|x86
		{19B722CA-A31E-4A8C-AD82-BEA2E945C5D3}.Ad-Hoc|ARM.ActiveCfg = Release|ARM
		{19B722CA-A31E-4A8C-AD82-BEA2E945C5D3}.Ad-Hoc|ARM.Build.0 = Release|ARM
		{19B722CA-A31E-4A8C-AD82-BEA2E945C5D3}.Ad-Hoc|ARM.Deploy.0 = Release|ARM
		{19B722CA-A31E-4A8C-AD82-BEA2E945C5D3}.Ad-Hoc|iPhone.ActiveCfg = Release|x86
		{19B722CA-A31E-4A8C-AD82-BEA2E945C5D3}.Ad-Hoc|iPhone.Build.0 = Release|x86
		{19B722CA-A31E-4A8C-AD82-BEA2E945C5D3}.Ad-Hoc|iPhone.Deploy.0 = Release|x86
		{19B722CA-A31E-4A8C-AD82-BEA2E945C5D3}.Ad-Hoc|iPhoneSimulator.ActiveCfg = Release|x86
		{19B722CA-A31E-4A8C-AD82-BEA2E945C5D3}.Ad-Hoc|iPhoneSimulator.Build.0 = Release|x86
		{19B722CA-A31E-4A8C-AD82-BEA2E945C5D3}.Ad-Hoc|iPhoneSimulator.Deploy.0 = Release|x86
		{19B722CA-A31E-4A8C-AD82-BEA2E945C5D3}.Ad-Hoc|x64.ActiveCfg = Release|x64
		{19B722CA-A31E-4A8C-AD82-BEA2E945C5D3}.Ad-Hoc|x64.Build.0 = Release|x64
		{19B722CA-A31E-4A8C-AD82-BEA2E945C5D3}.Ad-Hoc|x64.Deploy.0 = Release|x64
		{19B722CA-A31E-4A8C-AD82-BEA2E945C5D3}.Ad-Hoc|x86.ActiveCfg = Release|x86
		{19B722CA-A31E-4A8C-AD82-BEA2E945C5D3}.Ad-Hoc|x86.Build.0 = Release|x86
		{19B722CA-A31E-4A8C-AD82-BEA2E945C5D3}.Ad-Hoc|x86.Deploy.0 = Release|x86
		{19B722CA-A31E-4A8C-AD82-BEA2E945C5D3}.AppStore|Any CPU.ActiveCfg = Release|x86
		{19B722CA-A31E-4A8C-AD82-BEA2E945C5D3}.AppStore|Any CPU.Build.0 = Release|x86
		{19B722CA-A31E-4A8C-AD82-BEA2E945C5D3}.AppStore|Any CPU.Deploy.0 = Release|x86
		{19B722CA-A31E-4A8C-AD82-BEA2E945C5D3}.AppStore|ARM.ActiveCfg = Release|ARM
		{19B722CA-A31E-4A8C-AD82-BEA2E945C5D3}.AppStore|ARM.Build.0 = Release|ARM
		{19B722CA-A31E-4A8C-AD82-BEA2E945C5D3}.AppStore|ARM.Deploy.0 = Release|ARM
		{19B722CA-A31E-4A8C-AD82-BEA2E945C5D3}.AppStore|iPhone.ActiveCfg = Release|x86
		{19B722CA-A31E-4A8C-AD82-BEA2E945C5D3}.AppStore|iPhone.Build.0 = Release|x86
		{19B722CA-A31E-4A8C-AD82-BEA2E945C5D3}.AppStore|iPhone.Deploy.0 = Release|x86
		{19B722CA-A31E-4A8C-AD82-BEA2E945C5D3}.AppStore|iPhoneSimulator.ActiveCfg = Release|x86
		{19B722CA-A31E-4A8C-AD82-BEA2E945C5D3}.AppStore|iPhoneSimulator.Build.0 = Release|x86
		{19B722CA-A31E-4A8C-AD82-BEA2E945C5D3}.AppStore|iPhoneSimulator.Deploy.0 = Release|x86
		{19B722CA-A31E-4A8C-AD82-BEA2E945C5D3}.AppStore|x64.ActiveCfg = Release|x64
		{19B722CA-A31E-4A8C-AD82-BEA2E945C5D3}.AppStore|x64.Build.0 = Release|x64
		{19B722CA-A31E-4A8C-AD82-BEA2E945C5D3}.AppStore|x64.Deploy.0 = Release|x64
		{19B722CA-A31E-4A8C-AD82-BEA2E945C5D3}.AppStore|x86.ActiveCfg = Release|x86
		{19B722CA-A31E-4A8C-AD82-BEA2E945C5D3}.AppStore|x86.Build.0 = Release|x86
		{19B722CA-A31E-4A8C-AD82-BEA2E945C5D3}.AppStore|x86.Deploy.0 = Release|x86
		{19B722CA-A31E-4A8C-AD82-BEA2E945C5D3}.Debug|Any CPU.ActiveCfg = Debug|x86
		{19B722CA-A31E-4A8C-AD82-BEA2E945C5D3}.Debug|Any CPU.Build.0 = Debug|x86
		{19B722CA-A31E-4A8C-AD82-BEA2E945C5D3}.Debug|Any CPU.Deploy.0 = Debug|x86
		{19B722CA-A31E-4A8C-AD82-BEA2E945C5D3}.Debug|ARM.ActiveCfg = Debug|ARM
		{19B722CA-A31E-4A8C-AD82-BEA2E945C5D3}.Debug|ARM.Build.0 = Debug|ARM
		{19B722CA-A31E-4A8C-AD82-BEA2E945C5D3}.Debug|ARM.Deploy.0 = Debug|ARM
		{19B722CA-A31E-4A8C-AD82-BEA2E945C5D3}.Debug|iPhone.ActiveCfg = Debug|x86
		{19B722CA-A31E-4A8C-AD82-BEA2E945C5D3}.Debug|iPhoneSimulator.ActiveCfg = Debug|x86
		{19B722CA-A31E-4A8C-AD82-BEA2E945C5D3}.Debug|x64.ActiveCfg = Debug|x64
		{19B722CA-A31E-4A8C-AD82-BEA2E945C5D3}.Debug|x64.Build.0 = Debug|x64
		{19B722CA-A31E-4A8C-AD82-BEA2E945C5D3}.Debug|x64.Deploy.0 = Debug|x64
		{19B722CA-A31E-4A8C-AD82-BEA2E945C5D3}.Debug|x86.ActiveCfg = Debug|x86
		{19B722CA-A31E-4A8C-AD82-BEA2E945C5D3}.Debug|x86.Build.0 = Debug|x86
		{19B722CA-A31E-4A8C-AD82-BEA2E945C5D3}.Debug|x86.Deploy.0 = Debug|x86
		{19B722CA-A31E-4A8C-AD82-BEA2E945C5D3}.Release|Any CPU.ActiveCfg = Release|x86
		{19B722CA-A31E-4A8C-AD82-BEA2E945C5D3}.Release|ARM.ActiveCfg = Release|ARM
		{19B722CA-A31E-4A8C-AD82-BEA2E945C5D3}.Release|ARM.Build.0 = Release|ARM
		{19B722CA-A31E-4A8C-AD82-BEA2E945C5D3}.Release|ARM.Deploy.0 = Release|ARM
		{19B722CA-A31E-4A8C-AD82-BEA2E945C5D3}.Release|iPhone.ActiveCfg = Release|x86
		{19B722CA-A31E-4A8C-AD82-BEA2E945C5D3}.Release|iPhoneSimulator.ActiveCfg = Release|x86
		{19B722CA-A31E-4A8C-AD82-BEA2E945C5D3}.Release|x64.ActiveCfg = Release|x64
		{19B722CA-A31E-4A8C-AD82-BEA2E945C5D3}.Release|x64.Build.0 = Release|x64
		{19B722CA-A31E-4A8C-AD82-BEA2E945C5D3}.Release|x64.Deploy.0 = Release|x64
		{19B722CA-A31E-4A8C-AD82-BEA2E945C5D3}.Release|x86.ActiveCfg = Release|x86
		{19B722CA-A31E-4A8C-AD82-BEA2E945C5D3}.Release|x86.Build.0 = Release|x86
		{19B722CA-A31E-4A8C-AD82-BEA2E945C5D3}.Release|x86.Deploy.0 = Release|x86
		{52E2FDD8-5366-4FAD-989C-56C88E425CE3}.Ad-Hoc|Any CPU.ActiveCfg = Ad-Hoc|iPhoneSimulator
		{52E2FDD8-5366-4FAD-989C-56C88E425CE3}.Ad-Hoc|ARM.ActiveCfg = Ad-Hoc|iPhone
		{52E2FDD8-5366-4FAD-989C-56C88E425CE3}.Ad-Hoc|iPhone.ActiveCfg = Ad-Hoc|iPhone
		{52E2FDD8-5366-4FAD-989C-56C88E425CE3}.Ad-Hoc|iPhone.Build.0 = Ad-Hoc|iPhone
		{52E2FDD8-5366-4FAD-989C-56C88E425CE3}.Ad-Hoc|iPhoneSimulator.ActiveCfg = Ad-Hoc|iPhoneSimulator
		{52E2FDD8-5366-4FAD-989C-56C88E425CE3}.Ad-Hoc|iPhoneSimulator.Build.0 = Ad-Hoc|iPhoneSimulator
		{52E2FDD8-5366-4FAD-989C-56C88E425CE3}.Ad-Hoc|x64.ActiveCfg = Ad-Hoc|iPhone
		{52E2FDD8-5366-4FAD-989C-56C88E425CE3}.Ad-Hoc|x86.ActiveCfg = Ad-Hoc|iPhone
		{52E2FDD8-5366-4FAD-989C-56C88E425CE3}.AppStore|Any CPU.ActiveCfg = AppStore|iPhoneSimulator
		{52E2FDD8-5366-4FAD-989C-56C88E425CE3}.AppStore|ARM.ActiveCfg = AppStore|iPhone
		{52E2FDD8-5366-4FAD-989C-56C88E425CE3}.AppStore|iPhone.ActiveCfg = AppStore|iPhone
		{52E2FDD8-5366-4FAD-989C-56C88E425CE3}.AppStore|iPhone.Build.0 = AppStore|iPhone
		{52E2FDD8-5366-4FAD-989C-56C88E425CE3}.AppStore|iPhoneSimulator.ActiveCfg = AppStore|iPhoneSimulator
		{52E2FDD8-5366-4FAD-989C-56C88E425CE3}.AppStore|iPhoneSimulator.Build.0 = AppStore|iPhoneSimulator
		{52E2FDD8-5366-4FAD-989C-56C88E425CE3}.AppStore|x64.ActiveCfg = AppStore|iPhone
		{52E2FDD8-5366-4FAD-989C-56C88E425CE3}.AppStore|x86.ActiveCfg = AppStore|iPhone
		{52E2FDD8-5366-4FAD-989C-56C88E425CE3}.Debug|Any CPU.ActiveCfg = Debug|iPhoneSimulator
		{52E2FDD8-5366-4FAD-989C-56C88E425CE3}.Debug|ARM.ActiveCfg = Debug|iPhone
		{52E2FDD8-5366-4FAD-989C-56C88E425CE3}.Debug|iPhone.ActiveCfg = Debug|iPhone
		{52E2FDD8-5366-4FAD-989C-56C88E425CE3}.Debug|iPhone.Build.0 = Debug|iPhone
		{52E2FDD8-5366-4FAD-989C-56C88E425CE3}.Debug|iPhoneSimulator.ActiveCfg = Debug|iPhoneSimulator
		{52E2FDD8-5366-4FAD-989C-56C88E425CE3}.Debug|iPhoneSimulator.Build.0 = Debug|iPhoneSimulator
		{52E2FDD8-5366-4FAD-989C-56C88E425CE3}.Debug|x64.ActiveCfg = Debug|iPhone
		{52E2FDD8-5366-4FAD-989C-56C88E425CE3}.Debug|x86.ActiveCfg = Debug|iPhone
		{52E2FDD8-5366-4FAD-989C-56C88E425CE3}.Release|Any CPU.ActiveCfg = Release|iPhoneSimulator
		{52E2FDD8-5366-4FAD-989C-56C88E425CE3}.Release|ARM.ActiveCfg = Release|iPhone
		{52E2FDD8-5366-4FAD-989C-56C88E425CE3}.Release|iPhone.ActiveCfg = Release|iPhone
		{52E2FDD8-5366-4FAD-989C-56C88E425CE3}.Release|iPhone.Build.0 = Release|iPhone
		{52E2FDD8-5366-4FAD-989C-56C88E425CE3}.Release|iPhoneSimulator.ActiveCfg = Release|iPhoneSimulator
		{52E2FDD8-5366-4FAD-989C-56C88E425CE3}.Release|iPhoneSimulator.Build.0 = Release|iPhoneSimulator
		{52E2FDD8-5366-4FAD-989C-56C88E425CE3}.Release|x64.ActiveCfg = Release|iPhone
		{52E2FDD8-5366-4FAD-989C-56C88E425CE3}.Release|x86.ActiveCfg = Release|iPhone
		{1568FE85-FE5F-4A81-B5D7-C1A9435BC817}.Ad-Hoc|Any CPU.ActiveCfg = Debug|Any CPU
		{1568FE85-FE5F-4A81-B5D7-C1A9435BC817}.Ad-Hoc|Any CPU.Build.0 = Debug|Any CPU
		{1568FE85-FE5F-4A81-B5D7-C1A9435BC817}.Ad-Hoc|ARM.ActiveCfg = Debug|Any CPU
		{1568FE85-FE5F-4A81-B5D7-C1A9435BC817}.Ad-Hoc|ARM.Build.0 = Debug|Any CPU
		{1568FE85-FE5F-4A81-B5D7-C1A9435BC817}.Ad-Hoc|iPhone.ActiveCfg = Debug|Any CPU
		{1568FE85-FE5F-4A81-B5D7-C1A9435BC817}.Ad-Hoc|iPhone.Build.0 = Debug|Any CPU
		{1568FE85-FE5F-4A81-B5D7-C1A9435BC817}.Ad-Hoc|iPhoneSimulator.ActiveCfg = Debug|Any CPU
		{1568FE85-FE5F-4A81-B5D7-C1A9435BC817}.Ad-Hoc|iPhoneSimulator.Build.0 = Debug|Any CPU
		{1568FE85-FE5F-4A81-B5D7-C1A9435BC817}.Ad-Hoc|x64.ActiveCfg = Debug|Any CPU
		{1568FE85-FE5F-4A81-B5D7-C1A9435BC817}.Ad-Hoc|x64.Build.0 = Debug|Any CPU
		{1568FE85-FE5F-4A81-B5D7-C1A9435BC817}.Ad-Hoc|x86.ActiveCfg = Debug|Any CPU
		{1568FE85-FE5F-4A81-B5D7-C1A9435BC817}.Ad-Hoc|x86.Build.0 = Debug|Any CPU
		{1568FE85-FE5F-4A81-B5D7-C1A9435BC817}.AppStore|Any CPU.ActiveCfg = Debug|Any CPU
		{1568FE85-FE5F-4A81-B5D7-C1A9435BC817}.AppStore|Any CPU.Build.0 = Debug|Any CPU
		{1568FE85-FE5F-4A81-B5D7-C1A9435BC817}.AppStore|ARM.ActiveCfg = Debug|Any CPU
		{1568FE85-FE5F-4A81-B5D7-C1A9435BC817}.AppStore|ARM.Build.0 = Debug|Any CPU
		{1568FE85-FE5F-4A81-B5D7-C1A9435BC817}.AppStore|iPhone.ActiveCfg = Debug|Any CPU
		{1568FE85-FE5F-4A81-B5D7-C1A9435BC817}.AppStore|iPhone.Build.0 = Debug|Any CPU
		{1568FE85-FE5F-4A81-B5D7-C1A9435BC817}.AppStore|iPhoneSimulator.ActiveCfg = Debug|Any CPU
		{1568FE85-FE5F-4A81-B5D7-C1A9435BC817}.AppStore|iPhoneSimulator.Build.0 = Debug|Any CPU
		{1568FE85-FE5F-4A81-B5D7-C1A9435BC817}.AppStore|x64.ActiveCfg = Debug|Any CPU
		{1568FE85-FE5F-4A81-B5D7-C1A9435BC817}.AppStore|x64.Build.0 = Debug|Any CPU
		{1568FE85-FE5F-4A81-B5D7-C1A9435BC817}.AppStore|x86.ActiveCfg = Debug|Any CPU
		{1568FE85-FE5F-4A81-B5D7-C1A9435BC817}.AppStore|x86.Build.0 = Debug|Any CPU
		{1568FE85-FE5F-4A81-B5D7-C1A9435BC817}.Debug|Any CPU.ActiveCfg = Debug|Any CPU
		{1568FE85-FE5F-4A81-B5D7-C1A9435BC817}.Debug|Any CPU.Build.0 = Debug|Any CPU
		{1568FE85-FE5F-4A81-B5D7-C1A9435BC817}.Debug|ARM.ActiveCfg = Debug|Any CPU
		{1568FE85-FE5F-4A81-B5D7-C1A9435BC817}.Debug|ARM.Build.0 = Debug|Any CPU
		{1568FE85-FE5F-4A81-B5D7-C1A9435BC817}.Debug|iPhone.ActiveCfg = Debug|Any CPU
		{1568FE85-FE5F-4A81-B5D7-C1A9435BC817}.Debug|iPhone.Build.0 = Debug|Any CPU
		{1568FE85-FE5F-4A81-B5D7-C1A9435BC817}.Debug|iPhoneSimulator.ActiveCfg = Debug|Any CPU
		{1568FE85-FE5F-4A81-B5D7-C1A9435BC817}.Debug|iPhoneSimulator.Build.0 = Debug|Any CPU
		{1568FE85-FE5F-4A81-B5D7-C1A9435BC817}.Debug|x64.ActiveCfg = Debug|Any CPU
		{1568FE85-FE5F-4A81-B5D7-C1A9435BC817}.Debug|x64.Build.0 = Debug|Any CPU
		{1568FE85-FE5F-4A81-B5D7-C1A9435BC817}.Debug|x86.ActiveCfg = Debug|Any CPU
		{1568FE85-FE5F-4A81-B5D7-C1A9435BC817}.Debug|x86.Build.0 = Debug|Any CPU
		{1568FE85-FE5F-4A81-B5D7-C1A9435BC817}.Release|Any CPU.ActiveCfg = Release|Any CPU
		{1568FE85-FE5F-4A81-B5D7-C1A9435BC817}.Release|Any CPU.Build.0 = Release|Any CPU
		{1568FE85-FE5F-4A81-B5D7-C1A9435BC817}.Release|ARM.ActiveCfg = Release|Any CPU
		{1568FE85-FE5F-4A81-B5D7-C1A9435BC817}.Release|ARM.Build.0 = Release|Any CPU
		{1568FE85-FE5F-4A81-B5D7-C1A9435BC817}.Release|iPhone.ActiveCfg = Release|Any CPU
		{1568FE85-FE5F-4A81-B5D7-C1A9435BC817}.Release|iPhone.Build.0 = Release|Any CPU
		{1568FE85-FE5F-4A81-B5D7-C1A9435BC817}.Release|iPhoneSimulator.ActiveCfg = Release|Any CPU
		{1568FE85-FE5F-4A81-B5D7-C1A9435BC817}.Release|iPhoneSimulator.Build.0 = Release|Any CPU
		{1568FE85-FE5F-4A81-B5D7-C1A9435BC817}.Release|x64.ActiveCfg = Release|Any CPU
		{1568FE85-FE5F-4A81-B5D7-C1A9435BC817}.Release|x64.Build.0 = Release|Any CPU
		{1568FE85-FE5F-4A81-B5D7-C1A9435BC817}.Release|x86.ActiveCfg = Release|Any CPU
		{1568FE85-FE5F-4A81-B5D7-C1A9435BC817}.Release|x86.Build.0 = Release|Any CPU
		{1557F11A-244E-4DCF-BB90-B01C916E84E8}.Ad-Hoc|Any CPU.ActiveCfg = Release|Any CPU
		{1557F11A-244E-4DCF-BB90-B01C916E84E8}.Ad-Hoc|Any CPU.Build.0 = Release|Any CPU
		{1557F11A-244E-4DCF-BB90-B01C916E84E8}.Ad-Hoc|ARM.ActiveCfg = Release|Any CPU
		{1557F11A-244E-4DCF-BB90-B01C916E84E8}.Ad-Hoc|ARM.Build.0 = Release|Any CPU
		{1557F11A-244E-4DCF-BB90-B01C916E84E8}.Ad-Hoc|iPhone.ActiveCfg = Release|Any CPU
		{1557F11A-244E-4DCF-BB90-B01C916E84E8}.Ad-Hoc|iPhone.Build.0 = Release|Any CPU
		{1557F11A-244E-4DCF-BB90-B01C916E84E8}.Ad-Hoc|iPhoneSimulator.ActiveCfg = Release|Any CPU
		{1557F11A-244E-4DCF-BB90-B01C916E84E8}.Ad-Hoc|iPhoneSimulator.Build.0 = Release|Any CPU
		{1557F11A-244E-4DCF-BB90-B01C916E84E8}.Ad-Hoc|x64.ActiveCfg = Release|Any CPU
		{1557F11A-244E-4DCF-BB90-B01C916E84E8}.Ad-Hoc|x64.Build.0 = Release|Any CPU
		{1557F11A-244E-4DCF-BB90-B01C916E84E8}.Ad-Hoc|x86.ActiveCfg = Release|Any CPU
		{1557F11A-244E-4DCF-BB90-B01C916E84E8}.Ad-Hoc|x86.Build.0 = Release|Any CPU
		{1557F11A-244E-4DCF-BB90-B01C916E84E8}.AppStore|Any CPU.ActiveCfg = Release|Any CPU
		{1557F11A-244E-4DCF-BB90-B01C916E84E8}.AppStore|Any CPU.Build.0 = Release|Any CPU
		{1557F11A-244E-4DCF-BB90-B01C916E84E8}.AppStore|ARM.ActiveCfg = Release|Any CPU
		{1557F11A-244E-4DCF-BB90-B01C916E84E8}.AppStore|ARM.Build.0 = Release|Any CPU
		{1557F11A-244E-4DCF-BB90-B01C916E84E8}.AppStore|iPhone.ActiveCfg = Release|Any CPU
		{1557F11A-244E-4DCF-BB90-B01C916E84E8}.AppStore|iPhone.Build.0 = Release|Any CPU
		{1557F11A-244E-4DCF-BB90-B01C916E84E8}.AppStore|iPhoneSimulator.ActiveCfg = Release|Any CPU
		{1557F11A-244E-4DCF-BB90-B01C916E84E8}.AppStore|iPhoneSimulator.Build.0 = Release|Any CPU
		{1557F11A-244E-4DCF-BB90-B01C916E84E8}.AppStore|x64.ActiveCfg = Release|Any CPU
		{1557F11A-244E-4DCF-BB90-B01C916E84E8}.AppStore|x64.Build.0 = Release|Any CPU
		{1557F11A-244E-4DCF-BB90-B01C916E84E8}.AppStore|x86.ActiveCfg = Release|Any CPU
		{1557F11A-244E-4DCF-BB90-B01C916E84E8}.AppStore|x86.Build.0 = Release|Any CPU
		{1557F11A-244E-4DCF-BB90-B01C916E84E8}.Debug|Any CPU.ActiveCfg = Debug|Any CPU
		{1557F11A-244E-4DCF-BB90-B01C916E84E8}.Debug|Any CPU.Build.0 = Debug|Any CPU
		{1557F11A-244E-4DCF-BB90-B01C916E84E8}.Debug|ARM.ActiveCfg = Debug|Any CPU
		{1557F11A-244E-4DCF-BB90-B01C916E84E8}.Debug|ARM.Build.0 = Debug|Any CPU
		{1557F11A-244E-4DCF-BB90-B01C916E84E8}.Debug|iPhone.ActiveCfg = Debug|Any CPU
		{1557F11A-244E-4DCF-BB90-B01C916E84E8}.Debug|iPhone.Build.0 = Debug|Any CPU
		{1557F11A-244E-4DCF-BB90-B01C916E84E8}.Debug|iPhoneSimulator.ActiveCfg = Debug|Any CPU
		{1557F11A-244E-4DCF-BB90-B01C916E84E8}.Debug|iPhoneSimulator.Build.0 = Debug|Any CPU
		{1557F11A-244E-4DCF-BB90-B01C916E84E8}.Debug|x64.ActiveCfg = Debug|Any CPU
		{1557F11A-244E-4DCF-BB90-B01C916E84E8}.Debug|x64.Build.0 = Debug|Any CPU
		{1557F11A-244E-4DCF-BB90-B01C916E84E8}.Debug|x86.ActiveCfg = Debug|Any CPU
		{1557F11A-244E-4DCF-BB90-B01C916E84E8}.Debug|x86.Build.0 = Debug|Any CPU
		{1557F11A-244E-4DCF-BB90-B01C916E84E8}.Release|Any CPU.ActiveCfg = Release|Any CPU
		{1557F11A-244E-4DCF-BB90-B01C916E84E8}.Release|Any CPU.Build.0 = Release|Any CPU
		{1557F11A-244E-4DCF-BB90-B01C916E84E8}.Release|ARM.ActiveCfg = Release|Any CPU
		{1557F11A-244E-4DCF-BB90-B01C916E84E8}.Release|ARM.Build.0 = Release|Any CPU
		{1557F11A-244E-4DCF-BB90-B01C916E84E8}.Release|iPhone.ActiveCfg = Release|Any CPU
		{1557F11A-244E-4DCF-BB90-B01C916E84E8}.Release|iPhone.Build.0 = Release|Any CPU
		{1557F11A-244E-4DCF-BB90-B01C916E84E8}.Release|iPhoneSimulator.ActiveCfg = Release|Any CPU
		{1557F11A-244E-4DCF-BB90-B01C916E84E8}.Release|iPhoneSimulator.Build.0 = Release|Any CPU
		{1557F11A-244E-4DCF-BB90-B01C916E84E8}.Release|x64.ActiveCfg = Release|Any CPU
		{1557F11A-244E-4DCF-BB90-B01C916E84E8}.Release|x64.Build.0 = Release|Any CPU
		{1557F11A-244E-4DCF-BB90-B01C916E84E8}.Release|x86.ActiveCfg = Release|Any CPU
		{1557F11A-244E-4DCF-BB90-B01C916E84E8}.Release|x86.Build.0 = Release|Any CPU
	EndGlobalSection
	GlobalSection(SolutionProperties) = preSolution
		HideSolutionNode = FALSE
	EndGlobalSection
	GlobalSection(NestedProjects) = preSolution
		{1557F11A-244E-4DCF-BB90-B01C916E84E8} = {49644928-C70D-4C7E-A5E9-E33CCAC3F307}
	EndGlobalSection
	GlobalSection(ExtensibilityGlobals) = postSolution
		SolutionGuid = {255BEAFC-787C-4309-AD46-2370EDAE94FD}
	EndGlobalSection
EndGlobal
