
Microsoft Visual Studio Solution File, Format Version 12.00
# Visual Studio 15
VisualStudioVersion = 15.0.27428.2005
MinimumVisualStudioVersion = 10.0.40219.1
Project("{FAE04EC0-301F-11D3-BF4B-00C04F79EFBC}") = "CustomVisionCompanion.Android", "CustomVisionCompanion\CustomVisionCompanion.Android\CustomVisionCompanion.Android.csproj", "{537177DB-69CC-4565-B9DE-142DFFF4981C}"
EndProject
Project("{FAE04EC0-301F-11D3-BF4B-00C04F79EFBC}") = "CustomVisionCompanion.iOS", "CustomVisionCompanion\CustomVisionCompanion.iOS\CustomVisionCompanion.iOS.csproj", "{149F14C6-B562-491B-A96B-53D9C325BB88}"
EndProject
Project("{FAE04EC0-301F-11D3-BF4B-00C04F79EFBC}") = "CustomVisionCompanion.UWP", "CustomVisionCompanion\CustomVisionCompanion.UWP\CustomVisionCompanion.UWP.csproj", "{620A7338-71EF-4BD8-8A36-C9783980C2CE}"
EndProject
Project("{9A19103F-16F7-4668-BE54-9A1E7A4F7556}") = "CustomVisionCompanion", "CustomVisionCompanion\CustomVisionCompanion\CustomVisionCompanion.csproj", "{5A0DB242-1D3F-4F14-870C-8DE3356DAE57}"
EndProject
Project("{9A19103F-16F7-4668-BE54-9A1E7A4F7556}") = "CustomVisionEngine", "CustomVisionEngine\CustomVisionEngine.csproj", "{AFB58D7E-8008-479F-84B0-FF330C73FB39}"
EndProject
Project("{FAE04EC0-301F-11D3-BF4B-00C04F79EFBC}") = "TensorFlowXamarin", "TensorFlowXamarin\TensorFlowXamarin.csproj", "{1557F11A-244E-4DCF-BB90-B01C916E84E8}"
EndProject
Global
	GlobalSection(SolutionConfigurationPlatforms) = preSolution
		Ad-Hoc|Any CPU = Ad-Hoc|Any CPU
		Ad-Hoc|ARM = Ad-Hoc|ARM
		Ad-Hoc|iPhone = Ad-Hoc|iPhone
		Ad-Hoc|iPhoneSimulator = Ad-Hoc|iPhoneSimulator
		Ad-Hoc|x64 = Ad-Hoc|x64
		Ad-Hoc|x86 = Ad-Hoc|x86
		AppStore|Any CPU = AppStore|Any CPU
		AppStore|ARM = AppStore|ARM
		AppStore|iPhone = AppStore|iPhone
		AppStore|iPhoneSimulator = AppStore|iPhoneSimulator
		AppStore|x64 = AppStore|x64
		AppStore|x86 = AppStore|x86
		Debug|Any CPU = Debug|Any CPU
		Debug|ARM = Debug|ARM
		Debug|iPhone = Debug|iPhone
		Debug|iPhoneSimulator = Debug|iPhoneSimulator
		Debug|x64 = Debug|x64
		Debug|x86 = Debug|x86
		Release|Any CPU = Release|Any CPU
		Release|ARM = Release|ARM
		Release|iPhone = Release|iPhone
		Release|iPhoneSimulator = Release|iPhoneSimulator
		Release|x64 = Release|x64
		Release|x86 = Release|x86
	EndGlobalSection
	GlobalSection(ProjectConfigurationPlatforms) = postSolution
		{537177DB-69CC-4565-B9DE-142DFFF4981C}.Ad-Hoc|Any CPU.ActiveCfg = Release|Any CPU
		{537177DB-69CC-4565-B9DE-142DFFF4981C}.Ad-Hoc|Any CPU.Build.0 = Release|Any CPU
		{537177DB-69CC-4565-B9DE-142DFFF4981C}.Ad-Hoc|Any CPU.Deploy.0 = Release|Any CPU
		{537177DB-69CC-4565-B9DE-142DFFF4981C}.Ad-Hoc|ARM.ActiveCfg = Release|Any CPU
		{537177DB-69CC-4565-B9DE-142DFFF4981C}.Ad-Hoc|ARM.Build.0 = Release|Any CPU
		{537177DB-69CC-4565-B9DE-142DFFF4981C}.Ad-Hoc|ARM.Deploy.0 = Release|Any CPU
		{537177DB-69CC-4565-B9DE-142DFFF4981C}.Ad-Hoc|iPhone.ActiveCfg = Release|Any CPU
		{537177DB-69CC-4565-B9DE-142DFFF4981C}.Ad-Hoc|iPhone.Build.0 = Release|Any CPU
		{537177DB-69CC-4565-B9DE-142DFFF4981C}.Ad-Hoc|iPhone.Deploy.0 = Release|Any CPU
		{537177DB-69CC-4565-B9DE-142DFFF4981C}.Ad-Hoc|iPhoneSimulator.ActiveCfg = Release|Any CPU
		{537177DB-69CC-4565-B9DE-142DFFF4981C}.Ad-Hoc|iPhoneSimulator.Build.0 = Release|Any CPU
		{537177DB-69CC-4565-B9DE-142DFFF4981C}.Ad-Hoc|iPhoneSimulator.Deploy.0 = Release|Any CPU
		{537177DB-69CC-4565-B9DE-142DFFF4981C}.Ad-Hoc|x64.ActiveCfg = Release|Any CPU
		{537177DB-69CC-4565-B9DE-142DFFF4981C}.Ad-Hoc|x64.Build.0 = Release|Any CPU
		{537177DB-69CC-4565-B9DE-142DFFF4981C}.Ad-Hoc|x64.Deploy.0 = Release|Any CPU
		{537177DB-69CC-4565-B9DE-142DFFF4981C}.Ad-Hoc|x86.ActiveCfg = Release|Any CPU
		{537177DB-69CC-4565-B9DE-142DFFF4981C}.Ad-Hoc|x86.Build.0 = Release|Any CPU
		{537177DB-69CC-4565-B9DE-142DFFF4981C}.Ad-Hoc|x86.Deploy.0 = Release|Any CPU
		{537177DB-69CC-4565-B9DE-142DFFF4981C}.AppStore|Any CPU.ActiveCfg = Release|Any CPU
		{537177DB-69CC-4565-B9DE-142DFFF4981C}.AppStore|Any CPU.Build.0 = Release|Any CPU
		{537177DB-69CC-4565-B9DE-142DFFF4981C}.AppStore|Any CPU.Deploy.0 = Release|Any CPU
		{537177DB-69CC-4565-B9DE-142DFFF4981C}.AppStore|ARM.ActiveCfg = Release|Any CPU
		{537177DB-69CC-4565-B9DE-142DFFF4981C}.AppStore|ARM.Build.0 = Release|Any CPU
		{537177DB-69CC-4565-B9DE-142DFFF4981C}.AppStore|ARM.Deploy.0 = Release|Any CPU
		{537177DB-69CC-4565-B9DE-142DFFF4981C}.AppStore|iPhone.ActiveCfg = Release|Any CPU
		{537177DB-69CC-4565-B9DE-142DFFF4981C}.AppStore|iPhone.Build.0 = Release|Any CPU
		{537177DB-69CC-4565-B9DE-142DFFF4981C}.AppStore|iPhone.Deploy.0 = Release|Any CPU
		{537177DB-69CC-4565-B9DE-142DFFF4981C}.AppStore|iPhoneSimulator.ActiveCfg = Release|Any CPU
		{537177DB-69CC-4565-B9DE-142DFFF4981C}.AppStore|iPhoneSimulator.Build.0 = Release|Any CPU
		{537177DB-69CC-4565-B9DE-142DFFF4981C}.AppStore|iPhoneSimulator.Deploy.0 = Release|Any CPU
		{537177DB-69CC-4565-B9DE-142DFFF4981C}.AppStore|x64.ActiveCfg = Release|Any CPU
		{537177DB-69CC-4565-B9DE-142DFFF4981C}.AppStore|x64.Build.0 = Release|Any CPU
		{537177DB-69CC-4565-B9DE-142DFFF4981C}.AppStore|x64.Deploy.0 = Release|Any CPU
		{537177DB-69CC-4565-B9DE-142DFFF4981C}.AppStore|x86.ActiveCfg = Release|Any CPU
		{537177DB-69CC-4565-B9DE-142DFFF4981C}.AppStore|x86.Build.0 = Release|Any CPU
		{537177DB-69CC-4565-B9DE-142DFFF4981C}.AppStore|x86.Deploy.0 = Release|Any CPU
		{537177DB-69CC-4565-B9DE-142DFFF4981C}.Debug|Any CPU.ActiveCfg = Debug|Any CPU
		{537177DB-69CC-4565-B9DE-142DFFF4981C}.Debug|Any CPU.Build.0 = Debug|Any CPU
		{537177DB-69CC-4565-B9DE-142DFFF4981C}.Debug|Any CPU.Deploy.0 = Debug|Any CPU
		{537177DB-69CC-4565-B9DE-142DFFF4981C}.Debug|ARM.ActiveCfg = Debug|Any CPU
		{537177DB-69CC-4565-B9DE-142DFFF4981C}.Debug|ARM.Build.0 = Debug|Any CPU
		{537177DB-69CC-4565-B9DE-142DFFF4981C}.Debug|ARM.Deploy.0 = Debug|Any CPU
		{537177DB-69CC-4565-B9DE-142DFFF4981C}.Debug|iPhone.ActiveCfg = Debug|Any CPU
		{537177DB-69CC-4565-B9DE-142DFFF4981C}.Debug|iPhone.Build.0 = Debug|Any CPU
		{537177DB-69CC-4565-B9DE-142DFFF4981C}.Debug|iPhone.Deploy.0 = Debug|Any CPU
		{537177DB-69CC-4565-B9DE-142DFFF4981C}.Debug|iPhoneSimulator.ActiveCfg = Debug|Any CPU
		{537177DB-69CC-4565-B9DE-142DFFF4981C}.Debug|iPhoneSimulator.Build.0 = Debug|Any CPU
		{537177DB-69CC-4565-B9DE-142DFFF4981C}.Debug|iPhoneSimulator.Deploy.0 = Debug|Any CPU
		{537177DB-69CC-4565-B9DE-142DFFF4981C}.Debug|x64.ActiveCfg = Debug|Any CPU
		{537177DB-69CC-4565-B9DE-142DFFF4981C}.Debug|x64.Build.0 = Debug|Any CPU
		{537177DB-69CC-4565-B9DE-142DFFF4981C}.Debug|x64.Deploy.0 = Debug|Any CPU
		{537177DB-69CC-4565-B9DE-142DFFF4981C}.Debug|x86.ActiveCfg = Debug|Any CPU
		{537177DB-69CC-4565-B9DE-142DFFF4981C}.Debug|x86.Build.0 = Debug|Any CPU
		{537177DB-69CC-4565-B9DE-142DFFF4981C}.Debug|x86.Deploy.0 = Debug|Any CPU
		{537177DB-69CC-4565-B9DE-142DFFF4981C}.Release|Any CPU.ActiveCfg = Release|Any CPU
		{537177DB-69CC-4565-B9DE-142DFFF4981C}.Release|Any CPU.Build.0 = Release|Any CPU
		{537177DB-69CC-4565-B9DE-142DFFF4981C}.Release|Any CPU.Deploy.0 = Release|Any CPU
		{537177DB-69CC-4565-B9DE-142DFFF4981C}.Release|ARM.ActiveCfg = Release|Any CPU
		{537177DB-69CC-4565-B9DE-142DFFF4981C}.Release|ARM.Build.0 = Release|Any CPU
		{537177DB-69CC-4565-B9DE-142DFFF4981C}.Release|ARM.Deploy.0 = Release|Any CPU
		{537177DB-69CC-4565-B9DE-142DFFF4981C}.Release|iPhone.ActiveCfg = Release|Any CPU
		{537177DB-69CC-4565-B9DE-142DFFF4981C}.Release|iPhone.Build.0 = Release|Any CPU
		{537177DB-69CC-4565-B9DE-142DFFF4981C}.Release|iPhone.Deploy.0 = Release|Any CPU
		{537177DB-69CC-4565-B9DE-142DFFF4981C}.Release|iPhoneSimulator.ActiveCfg = Release|Any CPU
		{537177DB-69CC-4565-B9DE-142DFFF4981C}.Release|iPhoneSimulator.Build.0 = Release|Any CPU
		{537177DB-69CC-4565-B9DE-142DFFF4981C}.Release|iPhoneSimulator.Deploy.0 = Release|Any CPU
		{537177DB-69CC-4565-B9DE-142DFFF4981C}.Release|x64.ActiveCfg = Release|Any CPU
		{537177DB-69CC-4565-B9DE-142DFFF4981C}.Release|x64.Build.0 = Release|Any CPU
		{537177DB-69CC-4565-B9DE-142DFFF4981C}.Release|x64.Deploy.0 = Release|Any CPU
		{537177DB-69CC-4565-B9DE-142DFFF4981C}.Release|x86.ActiveCfg = Release|Any CPU
		{537177DB-69CC-4565-B9DE-142DFFF4981C}.Release|x86.Build.0 = Release|Any CPU
		{537177DB-69CC-4565-B9DE-142DFFF4981C}.Release|x86.Deploy.0 = Release|Any CPU
		{149F14C6-B562-491B-A96B-53D9C325BB88}.Ad-Hoc|Any CPU.ActiveCfg = Ad-Hoc|iPhone
		{149F14C6-B562-491B-A96B-53D9C325BB88}.Ad-Hoc|ARM.ActiveCfg = Ad-Hoc|iPhone
		{149F14C6-B562-491B-A96B-53D9C325BB88}.Ad-Hoc|iPhone.ActiveCfg = Ad-Hoc|iPhone
		{149F14C6-B562-491B-A96B-53D9C325BB88}.Ad-Hoc|iPhone.Build.0 = Ad-Hoc|iPhone
		{149F14C6-B562-491B-A96B-53D9C325BB88}.Ad-Hoc|iPhoneSimulator.ActiveCfg = Ad-Hoc|iPhoneSimulator
		{149F14C6-B562-491B-A96B-53D9C325BB88}.Ad-Hoc|iPhoneSimulator.Build.0 = Ad-Hoc|iPhoneSimulator
		{149F14C6-B562-491B-A96B-53D9C325BB88}.Ad-Hoc|x64.ActiveCfg = Ad-Hoc|iPhone
		{149F14C6-B562-491B-A96B-53D9C325BB88}.Ad-Hoc|x86.ActiveCfg = Ad-Hoc|iPhone
		{149F14C6-B562-491B-A96B-53D9C325BB88}.AppStore|Any CPU.ActiveCfg = AppStore|iPhone
		{149F14C6-B562-491B-A96B-53D9C325BB88}.AppStore|ARM.ActiveCfg = AppStore|iPhone
		{149F14C6-B562-491B-A96B-53D9C325BB88}.AppStore|iPhone.ActiveCfg = AppStore|iPhone
		{149F14C6-B562-491B-A96B-53D9C325BB88}.AppStore|iPhone.Build.0 = AppStore|iPhone
		{149F14C6-B562-491B-A96B-53D9C325BB88}.AppStore|iPhoneSimulator.ActiveCfg = AppStore|iPhoneSimulator
		{149F14C6-B562-491B-A96B-53D9C325BB88}.AppStore|iPhoneSimulator.Build.0 = AppStore|iPhoneSimulator
		{149F14C6-B562-491B-A96B-53D9C325BB88}.AppStore|x64.ActiveCfg = AppStore|iPhone
		{149F14C6-B562-491B-A96B-53D9C325BB88}.AppStore|x86.ActiveCfg = AppStore|iPhone
		{149F14C6-B562-491B-A96B-53D9C325BB88}.Debug|Any CPU.ActiveCfg = Debug|iPhone
		{149F14C6-B562-491B-A96B-53D9C325BB88}.Debug|ARM.ActiveCfg = Debug|iPhone
		{149F14C6-B562-491B-A96B-53D9C325BB88}.Debug|iPhone.ActiveCfg = Debug|iPhone
		{149F14C6-B562-491B-A96B-53D9C325BB88}.Debug|iPhone.Build.0 = Debug|iPhone
		{149F14C6-B562-491B-A96B-53D9C325BB88}.Debug|iPhoneSimulator.ActiveCfg = Debug|iPhoneSimulator
		{149F14C6-B562-491B-A96B-53D9C325BB88}.Debug|iPhoneSimulator.Build.0 = Debug|iPhoneSimulator
		{149F14C6-B562-491B-A96B-53D9C325BB88}.Debug|x64.ActiveCfg = Debug|iPhone
		{149F14C6-B562-491B-A96B-53D9C325BB88}.Debug|x86.ActiveCfg = Debug|iPhone
		{149F14C6-B562-491B-A96B-53D9C325BB88}.Release|Any CPU.ActiveCfg = Release|iPhone
		{149F14C6-B562-491B-A96B-53D9C325BB88}.Release|ARM.ActiveCfg = Release|iPhone
		{149F14C6-B562-491B-A96B-53D9C325BB88}.Release|iPhone.ActiveCfg = Release|iPhone
		{149F14C6-B562-491B-A96B-53D9C325BB88}.Release|iPhone.Build.0 = Release|iPhone
		{149F14C6-B562-491B-A96B-53D9C325BB88}.Release|iPhoneSimulator.ActiveCfg = Release|iPhoneSimulator
		{149F14C6-B562-491B-A96B-53D9C325BB88}.Release|iPhoneSimulator.Build.0 = Release|iPhoneSimulator
		{149F14C6-B562-491B-A96B-53D9C325BB88}.Release|x64.ActiveCfg = Release|iPhone
		{149F14C6-B562-491B-A96B-53D9C325BB88}.Release|x86.ActiveCfg = Release|iPhone
		{620A7338-71EF-4BD8-8A36-C9783980C2CE}.Ad-Hoc|Any CPU.ActiveCfg = Release|x86
		{620A7338-71EF-4BD8-8A36-C9783980C2CE}.Ad-Hoc|Any CPU.Build.0 = Release|x86
		{620A7338-71EF-4BD8-8A36-C9783980C2CE}.Ad-Hoc|Any CPU.Deploy.0 = Release|x86
		{620A7338-71EF-4BD8-8A36-C9783980C2CE}.Ad-Hoc|ARM.ActiveCfg = Release|ARM
		{620A7338-71EF-4BD8-8A36-C9783980C2CE}.Ad-Hoc|ARM.Build.0 = Release|ARM
		{620A7338-71EF-4BD8-8A36-C9783980C2CE}.Ad-Hoc|ARM.Deploy.0 = Release|ARM
		{620A7338-71EF-4BD8-8A36-C9783980C2CE}.Ad-Hoc|iPhone.ActiveCfg = Release|x86
		{620A7338-71EF-4BD8-8A36-C9783980C2CE}.Ad-Hoc|iPhone.Build.0 = Release|x86
		{620A7338-71EF-4BD8-8A36-C9783980C2CE}.Ad-Hoc|iPhone.Deploy.0 = Release|x86
		{620A7338-71EF-4BD8-8A36-C9783980C2CE}.Ad-Hoc|iPhoneSimulator.ActiveCfg = Release|x86
		{620A7338-71EF-4BD8-8A36-C9783980C2CE}.Ad-Hoc|iPhoneSimulator.Build.0 = Release|x86
		{620A7338-71EF-4BD8-8A36-C9783980C2CE}.Ad-Hoc|iPhoneSimulator.Deploy.0 = Release|x86
		{620A7338-71EF-4BD8-8A36-C9783980C2CE}.Ad-Hoc|x64.ActiveCfg = Release|x64
		{620A7338-71EF-4BD8-8A36-C9783980C2CE}.Ad-Hoc|x64.Build.0 = Release|x64
		{620A7338-71EF-4BD8-8A36-C9783980C2CE}.Ad-Hoc|x64.Deploy.0 = Release|x64
		{620A7338-71EF-4BD8-8A36-C9783980C2CE}.Ad-Hoc|x86.ActiveCfg = Release|x86
		{620A7338-71EF-4BD8-8A36-C9783980C2CE}.Ad-Hoc|x86.Build.0 = Release|x86
		{620A7338-71EF-4BD8-8A36-C9783980C2CE}.Ad-Hoc|x86.Deploy.0 = Release|x86
		{620A7338-71EF-4BD8-8A36-C9783980C2CE}.AppStore|Any CPU.ActiveCfg = Release|x86
		{620A7338-71EF-4BD8-8A36-C9783980C2CE}.AppStore|Any CPU.Build.0 = Release|x86
		{620A7338-71EF-4BD8-8A36-C9783980C2CE}.AppStore|Any CPU.Deploy.0 = Release|x86
		{620A7338-71EF-4BD8-8A36-C9783980C2CE}.AppStore|ARM.ActiveCfg = Release|ARM
		{620A7338-71EF-4BD8-8A36-C9783980C2CE}.AppStore|ARM.Build.0 = Release|ARM
		{620A7338-71EF-4BD8-8A36-C9783980C2CE}.AppStore|ARM.Deploy.0 = Release|ARM
		{620A7338-71EF-4BD8-8A36-C9783980C2CE}.AppStore|iPhone.ActiveCfg = Release|x86
		{620A7338-71EF-4BD8-8A36-C9783980C2CE}.AppStore|iPhone.Build.0 = Release|x86
		{620A7338-71EF-4BD8-8A36-C9783980C2CE}.AppStore|iPhone.Deploy.0 = Release|x86
		{620A7338-71EF-4BD8-8A36-C9783980C2CE}.AppStore|iPhoneSimulator.ActiveCfg = Release|x86
		{620A7338-71EF-4BD8-8A36-C9783980C2CE}.AppStore|iPhoneSimulator.Build.0 = Release|x86
		{620A7338-71EF-4BD8-8A36-C9783980C2CE}.AppStore|iPhoneSimulator.Deploy.0 = Release|x86
		{620A7338-71EF-4BD8-8A36-C9783980C2CE}.AppStore|x64.ActiveCfg = Release|x64
		{620A7338-71EF-4BD8-8A36-C9783980C2CE}.AppStore|x64.Build.0 = Release|x64
		{620A7338-71EF-4BD8-8A36-C9783980C2CE}.AppStore|x64.Deploy.0 = Release|x64
		{620A7338-71EF-4BD8-8A36-C9783980C2CE}.AppStore|x86.ActiveCfg = Release|x86
		{620A7338-71EF-4BD8-8A36-C9783980C2CE}.AppStore|x86.Build.0 = Release|x86
		{620A7338-71EF-4BD8-8A36-C9783980C2CE}.AppStore|x86.Deploy.0 = Release|x86
		{620A7338-71EF-4BD8-8A36-C9783980C2CE}.Debug|Any CPU.ActiveCfg = Debug|x86
		{620A7338-71EF-4BD8-8A36-C9783980C2CE}.Debug|ARM.ActiveCfg = Debug|ARM
		{620A7338-71EF-4BD8-8A36-C9783980C2CE}.Debug|ARM.Build.0 = Debug|ARM
		{620A7338-71EF-4BD8-8A36-C9783980C2CE}.Debug|ARM.Deploy.0 = Debug|ARM
		{620A7338-71EF-4BD8-8A36-C9783980C2CE}.Debug|iPhone.ActiveCfg = Debug|x86
		{620A7338-71EF-4BD8-8A36-C9783980C2CE}.Debug|iPhoneSimulator.ActiveCfg = Debug|x86
		{620A7338-71EF-4BD8-8A36-C9783980C2CE}.Debug|x64.ActiveCfg = Debug|x64
		{620A7338-71EF-4BD8-8A36-C9783980C2CE}.Debug|x64.Build.0 = Debug|x64
		{620A7338-71EF-4BD8-8A36-C9783980C2CE}.Debug|x64.Deploy.0 = Debug|x64
		{620A7338-71EF-4BD8-8A36-C9783980C2CE}.Debug|x86.ActiveCfg = Debug|x86
		{620A7338-71EF-4BD8-8A36-C9783980C2CE}.Debug|x86.Build.0 = Debug|x86
		{620A7338-71EF-4BD8-8A36-C9783980C2CE}.Debug|x86.Deploy.0 = Debug|x86
		{620A7338-71EF-4BD8-8A36-C9783980C2CE}.Release|Any CPU.ActiveCfg = Release|x86
		{620A7338-71EF-4BD8-8A36-C9783980C2CE}.Release|ARM.ActiveCfg = Release|ARM
		{620A7338-71EF-4BD8-8A36-C9783980C2CE}.Release|ARM.Build.0 = Release|ARM
		{620A7338-71EF-4BD8-8A36-C9783980C2CE}.Release|ARM.Deploy.0 = Release|ARM
		{620A7338-71EF-4BD8-8A36-C9783980C2CE}.Release|iPhone.ActiveCfg = Release|x86
		{620A7338-71EF-4BD8-8A36-C9783980C2CE}.Release|iPhoneSimulator.ActiveCfg = Release|x86
		{620A7338-71EF-4BD8-8A36-C9783980C2CE}.Release|x64.ActiveCfg = Release|x64
		{620A7338-71EF-4BD8-8A36-C9783980C2CE}.Release|x64.Build.0 = Release|x64
		{620A7338-71EF-4BD8-8A36-C9783980C2CE}.Release|x64.Deploy.0 = Release|x64
		{620A7338-71EF-4BD8-8A36-C9783980C2CE}.Release|x86.ActiveCfg = Release|x86
		{620A7338-71EF-4BD8-8A36-C9783980C2CE}.Release|x86.Build.0 = Release|x86
		{620A7338-71EF-4BD8-8A36-C9783980C2CE}.Release|x86.Deploy.0 = Release|x86
		{5A0DB242-1D3F-4F14-870C-8DE3356DAE57}.Ad-Hoc|Any CPU.ActiveCfg = Debug|Any CPU
		{5A0DB242-1D3F-4F14-870C-8DE3356DAE57}.Ad-Hoc|Any CPU.Build.0 = Debug|Any CPU
		{5A0DB242-1D3F-4F14-870C-8DE3356DAE57}.Ad-Hoc|ARM.ActiveCfg = Debug|Any CPU
		{5A0DB242-1D3F-4F14-870C-8DE3356DAE57}.Ad-Hoc|ARM.Build.0 = Debug|Any CPU
		{5A0DB242-1D3F-4F14-870C-8DE3356DAE57}.Ad-Hoc|iPhone.ActiveCfg = Debug|Any CPU
		{5A0DB242-1D3F-4F14-870C-8DE3356DAE57}.Ad-Hoc|iPhone.Build.0 = Debug|Any CPU
		{5A0DB242-1D3F-4F14-870C-8DE3356DAE57}.Ad-Hoc|iPhoneSimulator.ActiveCfg = Debug|Any CPU
		{5A0DB242-1D3F-4F14-870C-8DE3356DAE57}.Ad-Hoc|iPhoneSimulator.Build.0 = Debug|Any CPU
		{5A0DB242-1D3F-4F14-870C-8DE3356DAE57}.Ad-Hoc|x64.ActiveCfg = Debug|Any CPU
		{5A0DB242-1D3F-4F14-870C-8DE3356DAE57}.Ad-Hoc|x64.Build.0 = Debug|Any CPU
		{5A0DB242-1D3F-4F14-870C-8DE3356DAE57}.Ad-Hoc|x86.ActiveCfg = Debug|Any CPU
		{5A0DB242-1D3F-4F14-870C-8DE3356DAE57}.Ad-Hoc|x86.Build.0 = Debug|Any CPU
		{5A0DB242-1D3F-4F14-870C-8DE3356DAE57}.AppStore|Any CPU.ActiveCfg = Debug|Any CPU
		{5A0DB242-1D3F-4F14-870C-8DE3356DAE57}.AppStore|Any CPU.Build.0 = Debug|Any CPU
		{5A0DB242-1D3F-4F14-870C-8DE3356DAE57}.AppStore|ARM.ActiveCfg = Debug|Any CPU
		{5A0DB242-1D3F-4F14-870C-8DE3356DAE57}.AppStore|ARM.Build.0 = Debug|Any CPU
		{5A0DB242-1D3F-4F14-870C-8DE3356DAE57}.AppStore|iPhone.ActiveCfg = Debug|Any CPU
		{5A0DB242-1D3F-4F14-870C-8DE3356DAE57}.AppStore|iPhone.Build.0 = Debug|Any CPU
		{5A0DB242-1D3F-4F14-870C-8DE3356DAE57}.AppStore|iPhoneSimulator.ActiveCfg = Debug|Any CPU
		{5A0DB242-1D3F-4F14-870C-8DE3356DAE57}.AppStore|iPhoneSimulator.Build.0 = Debug|Any CPU
		{5A0DB242-1D3F-4F14-870C-8DE3356DAE57}.AppStore|x64.ActiveCfg = Debug|Any CPU
		{5A0DB242-1D3F-4F14-870C-8DE3356DAE57}.AppStore|x64.Build.0 = Debug|Any CPU
		{5A0DB242-1D3F-4F14-870C-8DE3356DAE57}.AppStore|x86.ActiveCfg = Debug|Any CPU
		{5A0DB242-1D3F-4F14-870C-8DE3356DAE57}.AppStore|x86.Build.0 = Debug|Any CPU
		{5A0DB242-1D3F-4F14-870C-8DE3356DAE57}.Debug|Any CPU.ActiveCfg = Debug|Any CPU
		{5A0DB242-1D3F-4F14-870C-8DE3356DAE57}.Debug|Any CPU.Build.0 = Debug|Any CPU
		{5A0DB242-1D3F-4F14-870C-8DE3356DAE57}.Debug|ARM.ActiveCfg = Debug|Any CPU
		{5A0DB242-1D3F-4F14-870C-8DE3356DAE57}.Debug|ARM.Build.0 = Debug|Any CPU
		{5A0DB242-1D3F-4F14-870C-8DE3356DAE57}.Debug|iPhone.ActiveCfg = Debug|Any CPU
		{5A0DB242-1D3F-4F14-870C-8DE3356DAE57}.Debug|iPhone.Build.0 = Debug|Any CPU
		{5A0DB242-1D3F-4F14-870C-8DE3356DAE57}.Debug|iPhoneSimulator.ActiveCfg = Debug|Any CPU
		{5A0DB242-1D3F-4F14-870C-8DE3356DAE57}.Debug|iPhoneSimulator.Build.0 = Debug|Any CPU
		{5A0DB242-1D3F-4F14-870C-8DE3356DAE57}.Debug|x64.ActiveCfg = Debug|Any CPU
		{5A0DB242-1D3F-4F14-870C-8DE3356DAE57}.Debug|x64.Build.0 = Debug|Any CPU
		{5A0DB242-1D3F-4F14-870C-8DE3356DAE57}.Debug|x86.ActiveCfg = Debug|Any CPU
		{5A0DB242-1D3F-4F14-870C-8DE3356DAE57}.Debug|x86.Build.0 = Debug|Any CPU
		{5A0DB242-1D3F-4F14-870C-8DE3356DAE57}.Release|Any CPU.ActiveCfg = Release|Any CPU
		{5A0DB242-1D3F-4F14-870C-8DE3356DAE57}.Release|Any CPU.Build.0 = Release|Any CPU
		{5A0DB242-1D3F-4F14-870C-8DE3356DAE57}.Release|ARM.ActiveCfg = Release|Any CPU
		{5A0DB242-1D3F-4F14-870C-8DE3356DAE57}.Release|ARM.Build.0 = Release|Any CPU
		{5A0DB242-1D3F-4F14-870C-8DE3356DAE57}.Release|iPhone.ActiveCfg = Release|Any CPU
		{5A0DB242-1D3F-4F14-870C-8DE3356DAE57}.Release|iPhone.Build.0 = Release|Any CPU
		{5A0DB242-1D3F-4F14-870C-8DE3356DAE57}.Release|iPhoneSimulator.ActiveCfg = Release|Any CPU
		{5A0DB242-1D3F-4F14-870C-8DE3356DAE57}.Release|iPhoneSimulator.Build.0 = Release|Any CPU
		{5A0DB242-1D3F-4F14-870C-8DE3356DAE57}.Release|x64.ActiveCfg = Release|Any CPU
		{5A0DB242-1D3F-4F14-870C-8DE3356DAE57}.Release|x64.Build.0 = Release|Any CPU
		{5A0DB242-1D3F-4F14-870C-8DE3356DAE57}.Release|x86.ActiveCfg = Release|Any CPU
		{5A0DB242-1D3F-4F14-870C-8DE3356DAE57}.Release|x86.Build.0 = Release|Any CPU
		{AFB58D7E-8008-479F-84B0-FF330C73FB39}.Ad-Hoc|Any CPU.ActiveCfg = Debug|Any CPU
		{AFB58D7E-8008-479F-84B0-FF330C73FB39}.Ad-Hoc|Any CPU.Build.0 = Debug|Any CPU
		{AFB58D7E-8008-479F-84B0-FF330C73FB39}.Ad-Hoc|ARM.ActiveCfg = Debug|Any CPU
		{AFB58D7E-8008-479F-84B0-FF330C73FB39}.Ad-Hoc|ARM.Build.0 = Debug|Any CPU
		{AFB58D7E-8008-479F-84B0-FF330C73FB39}.Ad-Hoc|iPhone.ActiveCfg = Debug|Any CPU
		{AFB58D7E-8008-479F-84B0-FF330C73FB39}.Ad-Hoc|iPhone.Build.0 = Debug|Any CPU
		{AFB58D7E-8008-479F-84B0-FF330C73FB39}.Ad-Hoc|iPhoneSimulator.ActiveCfg = Debug|Any CPU
		{AFB58D7E-8008-479F-84B0-FF330C73FB39}.Ad-Hoc|iPhoneSimulator.Build.0 = Debug|Any CPU
		{AFB58D7E-8008-479F-84B0-FF330C73FB39}.Ad-Hoc|x64.ActiveCfg = Debug|Any CPU
		{AFB58D7E-8008-479F-84B0-FF330C73FB39}.Ad-Hoc|x64.Build.0 = Debug|Any CPU
		{AFB58D7E-8008-479F-84B0-FF330C73FB39}.Ad-Hoc|x86.ActiveCfg = Debug|Any CPU
		{AFB58D7E-8008-479F-84B0-FF330C73FB39}.Ad-Hoc|x86.Build.0 = Debug|Any CPU
		{AFB58D7E-8008-479F-84B0-FF330C73FB39}.AppStore|Any CPU.ActiveCfg = Debug|Any CPU
		{AFB58D7E-8008-479F-84B0-FF330C73FB39}.AppStore|Any CPU.Build.0 = Debug|Any CPU
		{AFB58D7E-8008-479F-84B0-FF330C73FB39}.AppStore|ARM.ActiveCfg = Debug|Any CPU
		{AFB58D7E-8008-479F-84B0-FF330C73FB39}.AppStore|ARM.Build.0 = Debug|Any CPU
		{AFB58D7E-8008-479F-84B0-FF330C73FB39}.AppStore|iPhone.ActiveCfg = Debug|Any CPU
		{AFB58D7E-8008-479F-84B0-FF330C73FB39}.AppStore|iPhone.Build.0 = Debug|Any CPU
		{AFB58D7E-8008-479F-84B0-FF330C73FB39}.AppStore|iPhoneSimulator.ActiveCfg = Debug|Any CPU
		{AFB58D7E-8008-479F-84B0-FF330C73FB39}.AppStore|iPhoneSimulator.Build.0 = Debug|Any CPU
		{AFB58D7E-8008-479F-84B0-FF330C73FB39}.AppStore|x64.ActiveCfg = Debug|Any CPU
		{AFB58D7E-8008-479F-84B0-FF330C73FB39}.AppStore|x64.Build.0 = Debug|Any CPU
		{AFB58D7E-8008-479F-84B0-FF330C73FB39}.AppStore|x86.ActiveCfg = Debug|Any CPU
		{AFB58D7E-8008-479F-84B0-FF330C73FB39}.AppStore|x86.Build.0 = Debug|Any CPU
		{AFB58D7E-8008-479F-84B0-FF330C73FB39}.Debug|Any CPU.ActiveCfg = Debug|Any CPU
		{AFB58D7E-8008-479F-84B0-FF330C73FB39}.Debug|Any CPU.Build.0 = Debug|Any CPU
		{AFB58D7E-8008-479F-84B0-FF330C73FB39}.Debug|ARM.ActiveCfg = Debug|Any CPU
		{AFB58D7E-8008-479F-84B0-FF330C73FB39}.Debug|ARM.Build.0 = Debug|Any CPU
		{AFB58D7E-8008-479F-84B0-FF330C73FB39}.Debug|iPhone.ActiveCfg = Debug|Any CPU
		{AFB58D7E-8008-479F-84B0-FF330C73FB39}.Debug|iPhone.Build.0 = Debug|Any CPU
		{AFB58D7E-8008-479F-84B0-FF330C73FB39}.Debug|iPhoneSimulator.ActiveCfg = Debug|Any CPU
		{AFB58D7E-8008-479F-84B0-FF330C73FB39}.Debug|iPhoneSimulator.Build.0 = Debug|Any CPU
		{AFB58D7E-8008-479F-84B0-FF330C73FB39}.Debug|x64.ActiveCfg = Debug|Any CPU
		{AFB58D7E-8008-479F-84B0-FF330C73FB39}.Debug|x64.Build.0 = Debug|Any CPU
		{AFB58D7E-8008-479F-84B0-FF330C73FB39}.Debug|x86.ActiveCfg = Debug|Any CPU
		{AFB58D7E-8008-479F-84B0-FF330C73FB39}.Debug|x86.Build.0 = Debug|Any CPU
		{AFB58D7E-8008-479F-84B0-FF330C73FB39}.Release|Any CPU.ActiveCfg = Release|Any CPU
		{AFB58D7E-8008-479F-84B0-FF330C73FB39}.Release|Any CPU.Build.0 = Release|Any CPU
		{AFB58D7E-8008-479F-84B0-FF330C73FB39}.Release|ARM.ActiveCfg = Release|Any CPU
		{AFB58D7E-8008-479F-84B0-FF330C73FB39}.Release|ARM.Build.0 = Release|Any CPU
		{AFB58D7E-8008-479F-84B0-FF330C73FB39}.Release|iPhone.ActiveCfg = Release|Any CPU
		{AFB58D7E-8008-479F-84B0-FF330C73FB39}.Release|iPhone.Build.0 = Release|Any CPU
		{AFB58D7E-8008-479F-84B0-FF330C73FB39}.Release|iPhoneSimulator.ActiveCfg = Release|Any CPU
		{AFB58D7E-8008-479F-84B0-FF330C73FB39}.Release|iPhoneSimulator.Build.0 = Release|Any CPU
		{AFB58D7E-8008-479F-84B0-FF330C73FB39}.Release|x64.ActiveCfg = Release|Any CPU
		{AFB58D7E-8008-479F-84B0-FF330C73FB39}.Release|x64.Build.0 = Release|Any CPU
		{AFB58D7E-8008-479F-84B0-FF330C73FB39}.Release|x86.ActiveCfg = Release|Any CPU
		{AFB58D7E-8008-479F-84B0-FF330C73FB39}.Release|x86.Build.0 = Release|Any CPU
		{1557F11A-244E-4DCF-BB90-B01C916E84E8}.Ad-Hoc|Any CPU.ActiveCfg = Release|Any CPU
		{1557F11A-244E-4DCF-BB90-B01C916E84E8}.Ad-Hoc|Any CPU.Build.0 = Release|Any CPU
		{1557F11A-244E-4DCF-BB90-B01C916E84E8}.Ad-Hoc|ARM.ActiveCfg = Release|Any CPU
		{1557F11A-244E-4DCF-BB90-B01C916E84E8}.Ad-Hoc|ARM.Build.0 = Release|Any CPU
		{1557F11A-244E-4DCF-BB90-B01C916E84E8}.Ad-Hoc|iPhone.ActiveCfg = Release|Any CPU
		{1557F11A-244E-4DCF-BB90-B01C916E84E8}.Ad-Hoc|iPhone.Build.0 = Release|Any CPU
		{1557F11A-244E-4DCF-BB90-B01C916E84E8}.Ad-Hoc|iPhoneSimulator.ActiveCfg = Release|Any CPU
		{1557F11A-244E-4DCF-BB90-B01C916E84E8}.Ad-Hoc|iPhoneSimulator.Build.0 = Release|Any CPU
		{1557F11A-244E-4DCF-BB90-B01C916E84E8}.Ad-Hoc|x64.ActiveCfg = Release|Any CPU
		{1557F11A-244E-4DCF-BB90-B01C916E84E8}.Ad-Hoc|x64.Build.0 = Release|Any CPU
		{1557F11A-244E-4DCF-BB90-B01C916E84E8}.Ad-Hoc|x86.ActiveCfg = Release|Any CPU
		{1557F11A-244E-4DCF-BB90-B01C916E84E8}.Ad-Hoc|x86.Build.0 = Release|Any CPU
		{1557F11A-244E-4DCF-BB90-B01C916E84E8}.AppStore|Any CPU.ActiveCfg = Release|Any CPU
		{1557F11A-244E-4DCF-BB90-B01C916E84E8}.AppStore|Any CPU.Build.0 = Release|Any CPU
		{1557F11A-244E-4DCF-BB90-B01C916E84E8}.AppStore|ARM.ActiveCfg = Release|Any CPU
		{1557F11A-244E-4DCF-BB90-B01C916E84E8}.AppStore|ARM.Build.0 = Release|Any CPU
		{1557F11A-244E-4DCF-BB90-B01C916E84E8}.AppStore|iPhone.ActiveCfg = Release|Any CPU
		{1557F11A-244E-4DCF-BB90-B01C916E84E8}.AppStore|iPhone.Build.0 = Release|Any CPU
		{1557F11A-244E-4DCF-BB90-B01C916E84E8}.AppStore|iPhoneSimulator.ActiveCfg = Release|Any CPU
		{1557F11A-244E-4DCF-BB90-B01C916E84E8}.AppStore|iPhoneSimulator.Build.0 = Release|Any CPU
		{1557F11A-244E-4DCF-BB90-B01C916E84E8}.AppStore|x64.ActiveCfg = Release|Any CPU
		{1557F11A-244E-4DCF-BB90-B01C916E84E8}.AppStore|x64.Build.0 = Release|Any CPU
		{1557F11A-244E-4DCF-BB90-B01C916E84E8}.AppStore|x86.ActiveCfg = Release|Any CPU
		{1557F11A-244E-4DCF-BB90-B01C916E84E8}.AppStore|x86.Build.0 = Release|Any CPU
		{1557F11A-244E-4DCF-BB90-B01C916E84E8}.Debug|Any CPU.ActiveCfg = Debug|Any CPU
		{1557F11A-244E-4DCF-BB90-B01C916E84E8}.Debug|Any CPU.Build.0 = Debug|Any CPU
		{1557F11A-244E-4DCF-BB90-B01C916E84E8}.Debug|ARM.ActiveCfg = Debug|Any CPU
		{1557F11A-244E-4DCF-BB90-B01C916E84E8}.Debug|ARM.Build.0 = Debug|Any CPU
		{1557F11A-244E-4DCF-BB90-B01C916E84E8}.Debug|iPhone.ActiveCfg = Debug|Any CPU
		{1557F11A-244E-4DCF-BB90-B01C916E84E8}.Debug|iPhone.Build.0 = Debug|Any CPU
		{1557F11A-244E-4DCF-BB90-B01C916E84E8}.Debug|iPhoneSimulator.ActiveCfg = Debug|Any CPU
		{1557F11A-244E-4DCF-BB90-B01C916E84E8}.Debug|iPhoneSimulator.Build.0 = Debug|Any CPU
		{1557F11A-244E-4DCF-BB90-B01C916E84E8}.Debug|x64.ActiveCfg = Debug|Any CPU
		{1557F11A-244E-4DCF-BB90-B01C916E84E8}.Debug|x64.Build.0 = Debug|Any CPU
		{1557F11A-244E-4DCF-BB90-B01C916E84E8}.Debug|x86.ActiveCfg = Debug|Any CPU
		{1557F11A-244E-4DCF-BB90-B01C916E84E8}.Debug|x86.Build.0 = Debug|Any CPU
		{1557F11A-244E-4DCF-BB90-B01C916E84E8}.Release|Any CPU.ActiveCfg = Release|Any CPU
		{1557F11A-244E-4DCF-BB90-B01C916E84E8}.Release|Any CPU.Build.0 = Release|Any CPU
		{1557F11A-244E-4DCF-BB90-B01C916E84E8}.Release|ARM.ActiveCfg = Release|Any CPU
		{1557F11A-244E-4DCF-BB90-B01C916E84E8}.Release|ARM.Build.0 = Release|Any CPU
		{1557F11A-244E-4DCF-BB90-B01C916E84E8}.Release|iPhone.ActiveCfg = Release|Any CPU
		{1557F11A-244E-4DCF-BB90-B01C916E84E8}.Release|iPhone.Build.0 = Release|Any CPU
		{1557F11A-244E-4DCF-BB90-B01C916E84E8}.Release|iPhoneSimulator.ActiveCfg = Release|Any CPU
		{1557F11A-244E-4DCF-BB90-B01C916E84E8}.Release|iPhoneSimulator.Build.0 = Release|Any CPU
		{1557F11A-244E-4DCF-BB90-B01C916E84E8}.Release|x64.ActiveCfg = Release|Any CPU
		{1557F11A-244E-4DCF-BB90-B01C916E84E8}.Release|x64.Build.0 = Release|Any CPU
		{1557F11A-244E-4DCF-BB90-B01C916E84E8}.Release|x86.ActiveCfg = Release|Any CPU
		{1557F11A-244E-4DCF-BB90-B01C916E84E8}.Release|x86.Build.0 = Release|Any CPU
	EndGlobalSection
	GlobalSection(SolutionProperties) = preSolution
		HideSolutionNode = FALSE
	EndGlobalSection
	GlobalSection(ExtensibilityGlobals) = postSolution
		SolutionGuid = {885DA425-B69F-4457-819B-E3A2292F2853}
	EndGlobalSection
EndGlobal
