
Microsoft Visual Studio Solution File, Format Version 12.00
# Visual Studio 15
VisualStudioVersion = 15.0.27703.1
MinimumVisualStudioVersion = 10.0.40219.1
Project("{FAE04EC0-301F-11D3-BF4B-00C04F79EFBC}") = "CustomVisionCompanion.Android", "CustomVisionCompanion\CustomVisionCompanion.Android\CustomVisionCompanion.Android.csproj", "{FAAE86B3-8165-4AB1-9E78-88D01DE1BDDF}"
EndProject
Project("{FAE04EC0-301F-11D3-BF4B-00C04F79EFBC}") = "CustomVisionCompanion.iOS", "CustomVisionCompanion\CustomVisionCompanion.iOS\CustomVisionCompanion.iOS.csproj", "{38DB8519-EF10-412C-8952-EB558AB474B2}"
EndProject
Project("{FAE04EC0-301F-11D3-BF4B-00C04F79EFBC}") = "CustomVisionCompanion.UWP", "CustomVisionCompanion\CustomVisionCompanion.UWP\CustomVisionCompanion.UWP.csproj", "{59121ED6-BAE1-4622-ADA3-C92D66201B1C}"
EndProject
Project("{FAE04EC0-301F-11D3-BF4B-00C04F79EFBC}") = "CustomVisionCompanion", "CustomVisionCompanion\CustomVisionCompanion\CustomVisionCompanion.csproj", "{FDD2D1C0-6C82-4038-A1D8-C3B65BAE2915}"
EndProject
Project("{FAE04EC0-301F-11D3-BF4B-00C04F79EFBC}") = "CustomVisionEngine", "CustomVisionEngine\CustomVisionEngine.csproj", "{F2616BEA-6D63-4804-89E1-9F590FF6A571}"
	ProjectSection(ProjectDependencies) = postProject
		{1557F11A-244E-4DCF-BB90-B01C916E84E8} = {1557F11A-244E-4DCF-BB90-B01C916E84E8}
	EndProjectSection
EndProject
Project("{FAE04EC0-301F-11D3-BF4B-00C04F79EFBC}") = "TensorFlowXamarin", "TensorFlowXamarin\TensorFlowXamarin.csproj", "{1557F11A-244E-4DCF-BB90-B01C916E84E8}"
EndProject
Global
	GlobalSection(SolutionConfigurationPlatforms) = preSolution
		Ad-Hoc|Any CPU = Ad-Hoc|Any CPU
		Ad-Hoc|ARM = Ad-Hoc|ARM
		Ad-Hoc|iPhone = Ad-Hoc|iPhone
		Ad-Hoc|iPhoneSimulator = Ad-Hoc|iPhoneSimulator
		Ad-Hoc|x64 = Ad-Hoc|x64
		Ad-Hoc|x86 = Ad-Hoc|x86
		AppStore|Any CPU = AppStore|Any CPU
		AppStore|ARM = AppStore|ARM
		AppStore|iPhone = AppStore|iPhone
		AppStore|iPhoneSimulator = AppStore|iPhoneSimulator
		AppStore|x64 = AppStore|x64
		AppStore|x86 = AppStore|x86
		Debug|Any CPU = Debug|Any CPU
		Debug|ARM = Debug|ARM
		Debug|iPhone = Debug|iPhone
		Debug|iPhoneSimulator = Debug|iPhoneSimulator
		Debug|x64 = Debug|x64
		Debug|x86 = Debug|x86
		Release|Any CPU = Release|Any CPU
		Release|ARM = Release|ARM
		Release|iPhone = Release|iPhone
		Release|iPhoneSimulator = Release|iPhoneSimulator
		Release|x64 = Release|x64
		Release|x86 = Release|x86
	EndGlobalSection
	GlobalSection(ProjectConfigurationPlatforms) = postSolution
		{FAAE86B3-8165-4AB1-9E78-88D01DE1BDDF}.Ad-Hoc|Any CPU.ActiveCfg = Release|Any CPU
		{FAAE86B3-8165-4AB1-9E78-88D01DE1BDDF}.Ad-Hoc|Any CPU.Build.0 = Release|Any CPU
		{FAAE86B3-8165-4AB1-9E78-88D01DE1BDDF}.Ad-Hoc|Any CPU.Deploy.0 = Release|Any CPU
		{FAAE86B3-8165-4AB1-9E78-88D01DE1BDDF}.Ad-Hoc|ARM.ActiveCfg = Release|Any CPU
		{FAAE86B3-8165-4AB1-9E78-88D01DE1BDDF}.Ad-Hoc|ARM.Build.0 = Release|Any CPU
		{FAAE86B3-8165-4AB1-9E78-88D01DE1BDDF}.Ad-Hoc|ARM.Deploy.0 = Release|Any CPU
		{FAAE86B3-8165-4AB1-9E78-88D01DE1BDDF}.Ad-Hoc|iPhone.ActiveCfg = Release|Any CPU
		{FAAE86B3-8165-4AB1-9E78-88D01DE1BDDF}.Ad-Hoc|iPhone.Build.0 = Release|Any CPU
		{FAAE86B3-8165-4AB1-9E78-88D01DE1BDDF}.Ad-Hoc|iPhone.Deploy.0 = Release|Any CPU
		{FAAE86B3-8165-4AB1-9E78-88D01DE1BDDF}.Ad-Hoc|iPhoneSimulator.ActiveCfg = Release|Any CPU
		{FAAE86B3-8165-4AB1-9E78-88D01DE1BDDF}.Ad-Hoc|iPhoneSimulator.Build.0 = Release|Any CPU
		{FAAE86B3-8165-4AB1-9E78-88D01DE1BDDF}.Ad-Hoc|iPhoneSimulator.Deploy.0 = Release|Any CPU
		{FAAE86B3-8165-4AB1-9E78-88D01DE1BDDF}.Ad-Hoc|x64.ActiveCfg = Release|Any CPU
		{FAAE86B3-8165-4AB1-9E78-88D01DE1BDDF}.Ad-Hoc|x64.Build.0 = Release|Any CPU
		{FAAE86B3-8165-4AB1-9E78-88D01DE1BDDF}.Ad-Hoc|x64.Deploy.0 = Release|Any CPU
		{FAAE86B3-8165-4AB1-9E78-88D01DE1BDDF}.Ad-Hoc|x86.ActiveCfg = Release|Any CPU
		{FAAE86B3-8165-4AB1-9E78-88D01DE1BDDF}.Ad-Hoc|x86.Build.0 = Release|Any CPU
		{FAAE86B3-8165-4AB1-9E78-88D01DE1BDDF}.Ad-Hoc|x86.Deploy.0 = Release|Any CPU
		{FAAE86B3-8165-4AB1-9E78-88D01DE1BDDF}.AppStore|Any CPU.ActiveCfg = Release|Any CPU
		{FAAE86B3-8165-4AB1-9E78-88D01DE1BDDF}.AppStore|Any CPU.Build.0 = Release|Any CPU
		{FAAE86B3-8165-4AB1-9E78-88D01DE1BDDF}.AppStore|Any CPU.Deploy.0 = Release|Any CPU
		{FAAE86B3-8165-4AB1-9E78-88D01DE1BDDF}.AppStore|ARM.ActiveCfg = Release|Any CPU
		{FAAE86B3-8165-4AB1-9E78-88D01DE1BDDF}.AppStore|ARM.Build.0 = Release|Any CPU
		{FAAE86B3-8165-4AB1-9E78-88D01DE1BDDF}.AppStore|ARM.Deploy.0 = Release|Any CPU
		{FAAE86B3-8165-4AB1-9E78-88D01DE1BDDF}.AppStore|iPhone.ActiveCfg = Release|Any CPU
		{FAAE86B3-8165-4AB1-9E78-88D01DE1BDDF}.AppStore|iPhone.Build.0 = Release|Any CPU
		{FAAE86B3-8165-4AB1-9E78-88D01DE1BDDF}.AppStore|iPhone.Deploy.0 = Release|Any CPU
		{FAAE86B3-8165-4AB1-9E78-88D01DE1BDDF}.AppStore|iPhoneSimulator.ActiveCfg = Release|Any CPU
		{FAAE86B3-8165-4AB1-9E78-88D01DE1BDDF}.AppStore|iPhoneSimulator.Build.0 = Release|Any CPU
		{FAAE86B3-8165-4AB1-9E78-88D01DE1BDDF}.AppStore|iPhoneSimulator.Deploy.0 = Release|Any CPU
		{FAAE86B3-8165-4AB1-9E78-88D01DE1BDDF}.AppStore|x64.ActiveCfg = Release|Any CPU
		{FAAE86B3-8165-4AB1-9E78-88D01DE1BDDF}.AppStore|x64.Build.0 = Release|Any CPU
		{FAAE86B3-8165-4AB1-9E78-88D01DE1BDDF}.AppStore|x64.Deploy.0 = Release|Any CPU
		{FAAE86B3-8165-4AB1-9E78-88D01DE1BDDF}.AppStore|x86.ActiveCfg = Release|Any CPU
		{FAAE86B3-8165-4AB1-9E78-88D01DE1BDDF}.AppStore|x86.Build.0 = Release|Any CPU
		{FAAE86B3-8165-4AB1-9E78-88D01DE1BDDF}.AppStore|x86.Deploy.0 = Release|Any CPU
		{FAAE86B3-8165-4AB1-9E78-88D01DE1BDDF}.Debug|Any CPU.ActiveCfg = Debug|Any CPU
		{FAAE86B3-8165-4AB1-9E78-88D01DE1BDDF}.Debug|Any CPU.Build.0 = Debug|Any CPU
		{FAAE86B3-8165-4AB1-9E78-88D01DE1BDDF}.Debug|Any CPU.Deploy.0 = Debug|Any CPU
		{FAAE86B3-8165-4AB1-9E78-88D01DE1BDDF}.Debug|ARM.ActiveCfg = Debug|Any CPU
		{FAAE86B3-8165-4AB1-9E78-88D01DE1BDDF}.Debug|ARM.Build.0 = Debug|Any CPU
		{FAAE86B3-8165-4AB1-9E78-88D01DE1BDDF}.Debug|ARM.Deploy.0 = Debug|Any CPU
		{FAAE86B3-8165-4AB1-9E78-88D01DE1BDDF}.Debug|iPhone.ActiveCfg = Debug|Any CPU
		{FAAE86B3-8165-4AB1-9E78-88D01DE1BDDF}.Debug|iPhone.Build.0 = Debug|Any CPU
		{FAAE86B3-8165-4AB1-9E78-88D01DE1BDDF}.Debug|iPhone.Deploy.0 = Debug|Any CPU
		{FAAE86B3-8165-4AB1-9E78-88D01DE1BDDF}.Debug|iPhoneSimulator.ActiveCfg = Debug|Any CPU
		{FAAE86B3-8165-4AB1-9E78-88D01DE1BDDF}.Debug|iPhoneSimulator.Build.0 = Debug|Any CPU
		{FAAE86B3-8165-4AB1-9E78-88D01DE1BDDF}.Debug|iPhoneSimulator.Deploy.0 = Debug|Any CPU
		{FAAE86B3-8165-4AB1-9E78-88D01DE1BDDF}.Debug|x64.ActiveCfg = Debug|Any CPU
		{FAAE86B3-8165-4AB1-9E78-88D01DE1BDDF}.Debug|x64.Build.0 = Debug|Any CPU
		{FAAE86B3-8165-4AB1-9E78-88D01DE1BDDF}.Debug|x64.Deploy.0 = Debug|Any CPU
		{FAAE86B3-8165-4AB1-9E78-88D01DE1BDDF}.Debug|x86.ActiveCfg = Debug|Any CPU
		{FAAE86B3-8165-4AB1-9E78-88D01DE1BDDF}.Debug|x86.Build.0 = Debug|Any CPU
		{FAAE86B3-8165-4AB1-9E78-88D01DE1BDDF}.Debug|x86.Deploy.0 = Debug|Any CPU
		{FAAE86B3-8165-4AB1-9E78-88D01DE1BDDF}.Release|Any CPU.ActiveCfg = Release|Any CPU
		{FAAE86B3-8165-4AB1-9E78-88D01DE1BDDF}.Release|Any CPU.Build.0 = Release|Any CPU
		{FAAE86B3-8165-4AB1-9E78-88D01DE1BDDF}.Release|Any CPU.Deploy.0 = Release|Any CPU
		{FAAE86B3-8165-4AB1-9E78-88D01DE1BDDF}.Release|ARM.ActiveCfg = Release|Any CPU
		{FAAE86B3-8165-4AB1-9E78-88D01DE1BDDF}.Release|ARM.Build.0 = Release|Any CPU
		{FAAE86B3-8165-4AB1-9E78-88D01DE1BDDF}.Release|ARM.Deploy.0 = Release|Any CPU
		{FAAE86B3-8165-4AB1-9E78-88D01DE1BDDF}.Release|iPhone.ActiveCfg = Release|Any CPU
		{FAAE86B3-8165-4AB1-9E78-88D01DE1BDDF}.Release|iPhone.Build.0 = Release|Any CPU
		{FAAE86B3-8165-4AB1-9E78-88D01DE1BDDF}.Release|iPhone.Deploy.0 = Release|Any CPU
		{FAAE86B3-8165-4AB1-9E78-88D01DE1BDDF}.Release|iPhoneSimulator.ActiveCfg = Release|Any CPU
		{FAAE86B3-8165-4AB1-9E78-88D01DE1BDDF}.Release|iPhoneSimulator.Build.0 = Release|Any CPU
		{FAAE86B3-8165-4AB1-9E78-88D01DE1BDDF}.Release|iPhoneSimulator.Deploy.0 = Release|Any CPU
		{FAAE86B3-8165-4AB1-9E78-88D01DE1BDDF}.Release|x64.ActiveCfg = Release|Any CPU
		{FAAE86B3-8165-4AB1-9E78-88D01DE1BDDF}.Release|x64.Build.0 = Release|Any CPU
		{FAAE86B3-8165-4AB1-9E78-88D01DE1BDDF}.Release|x64.Deploy.0 = Release|Any CPU
		{FAAE86B3-8165-4AB1-9E78-88D01DE1BDDF}.Release|x86.ActiveCfg = Release|Any CPU
		{FAAE86B3-8165-4AB1-9E78-88D01DE1BDDF}.Release|x86.Build.0 = Release|Any CPU
		{FAAE86B3-8165-4AB1-9E78-88D01DE1BDDF}.Release|x86.Deploy.0 = Release|Any CPU
		{38DB8519-EF10-412C-8952-EB558AB474B2}.Ad-Hoc|Any CPU.ActiveCfg = Ad-Hoc|iPhone
		{38DB8519-EF10-412C-8952-EB558AB474B2}.Ad-Hoc|Any CPU.Build.0 = Ad-Hoc|iPhone
		{38DB8519-EF10-412C-8952-EB558AB474B2}.Ad-Hoc|Any CPU.Deploy.0 = Ad-Hoc|iPhone
		{38DB8519-EF10-412C-8952-EB558AB474B2}.Ad-Hoc|ARM.ActiveCfg = Ad-Hoc|iPhone
		{38DB8519-EF10-412C-8952-EB558AB474B2}.Ad-Hoc|ARM.Build.0 = Ad-Hoc|iPhone
		{38DB8519-EF10-412C-8952-EB558AB474B2}.Ad-Hoc|ARM.Deploy.0 = Ad-Hoc|iPhone
		{38DB8519-EF10-412C-8952-EB558AB474B2}.Ad-Hoc|iPhone.ActiveCfg = Ad-Hoc|iPhone
		{38DB8519-EF10-412C-8952-EB558AB474B2}.Ad-Hoc|iPhone.Build.0 = Ad-Hoc|iPhone
		{38DB8519-EF10-412C-8952-EB558AB474B2}.Ad-Hoc|iPhone.Deploy.0 = Ad-Hoc|iPhone
		{38DB8519-EF10-412C-8952-EB558AB474B2}.Ad-Hoc|iPhoneSimulator.ActiveCfg = Ad-Hoc|iPhoneSimulator
		{38DB8519-EF10-412C-8952-EB558AB474B2}.Ad-Hoc|iPhoneSimulator.Build.0 = Ad-Hoc|iPhoneSimulator
		{38DB8519-EF10-412C-8952-EB558AB474B2}.Ad-Hoc|iPhoneSimulator.Deploy.0 = Ad-Hoc|iPhoneSimulator
		{38DB8519-EF10-412C-8952-EB558AB474B2}.Ad-Hoc|x64.ActiveCfg = Ad-Hoc|iPhone
		{38DB8519-EF10-412C-8952-EB558AB474B2}.Ad-Hoc|x64.Build.0 = Ad-Hoc|iPhone
		{38DB8519-EF10-412C-8952-EB558AB474B2}.Ad-Hoc|x64.Deploy.0 = Ad-Hoc|iPhone
		{38DB8519-EF10-412C-8952-EB558AB474B2}.Ad-Hoc|x86.ActiveCfg = Ad-Hoc|iPhone
		{38DB8519-EF10-412C-8952-EB558AB474B2}.Ad-Hoc|x86.Build.0 = Ad-Hoc|iPhone
		{38DB8519-EF10-412C-8952-EB558AB474B2}.Ad-Hoc|x86.Deploy.0 = Ad-Hoc|iPhone
		{38DB8519-EF10-412C-8952-EB558AB474B2}.AppStore|Any CPU.ActiveCfg = AppStore|iPhone
		{38DB8519-EF10-412C-8952-EB558AB474B2}.AppStore|Any CPU.Build.0 = AppStore|iPhone
		{38DB8519-EF10-412C-8952-EB558AB474B2}.AppStore|Any CPU.Deploy.0 = AppStore|iPhone
		{38DB8519-EF10-412C-8952-EB558AB474B2}.AppStore|ARM.ActiveCfg = AppStore|iPhone
		{38DB8519-EF10-412C-8952-EB558AB474B2}.AppStore|ARM.Build.0 = AppStore|iPhone
		{38DB8519-EF10-412C-8952-EB558AB474B2}.AppStore|ARM.Deploy.0 = AppStore|iPhone
		{38DB8519-EF10-412C-8952-EB558AB474B2}.AppStore|iPhone.ActiveCfg = AppStore|iPhone
		{38DB8519-EF10-412C-8952-EB558AB474B2}.AppStore|iPhone.Build.0 = AppStore|iPhone
		{38DB8519-EF10-412C-8952-EB558AB474B2}.AppStore|iPhone.Deploy.0 = AppStore|iPhone
		{38DB8519-EF10-412C-8952-EB558AB474B2}.AppStore|iPhoneSimulator.ActiveCfg = AppStore|iPhoneSimulator
		{38DB8519-EF10-412C-8952-EB558AB474B2}.AppStore|iPhoneSimulator.Build.0 = AppStore|iPhoneSimulator
		{38DB8519-EF10-412C-8952-EB558AB474B2}.AppStore|iPhoneSimulator.Deploy.0 = AppStore|iPhoneSimulator
		{38DB8519-EF10-412C-8952-EB558AB474B2}.AppStore|x64.ActiveCfg = AppStore|iPhone
		{38DB8519-EF10-412C-8952-EB558AB474B2}.AppStore|x64.Build.0 = AppStore|iPhone
		{38DB8519-EF10-412C-8952-EB558AB474B2}.AppStore|x64.Deploy.0 = AppStore|iPhone
		{38DB8519-EF10-412C-8952-EB558AB474B2}.AppStore|x86.ActiveCfg = AppStore|iPhone
		{38DB8519-EF10-412C-8952-EB558AB474B2}.AppStore|x86.Build.0 = AppStore|iPhone
		{38DB8519-EF10-412C-8952-EB558AB474B2}.AppStore|x86.Deploy.0 = AppStore|iPhone
		{38DB8519-EF10-412C-8952-EB558AB474B2}.Debug|Any CPU.ActiveCfg = Debug|iPhoneSimulator
		{38DB8519-EF10-412C-8952-EB558AB474B2}.Debug|Any CPU.Build.0 = Debug|iPhoneSimulator
		{38DB8519-EF10-412C-8952-EB558AB474B2}.Debug|Any CPU.Deploy.0 = Debug|iPhoneSimulator
		{38DB8519-EF10-412C-8952-EB558AB474B2}.Debug|ARM.ActiveCfg = Debug|iPhone
		{38DB8519-EF10-412C-8952-EB558AB474B2}.Debug|ARM.Build.0 = Debug|iPhone
		{38DB8519-EF10-412C-8952-EB558AB474B2}.Debug|ARM.Deploy.0 = Debug|iPhone
		{38DB8519-EF10-412C-8952-EB558AB474B2}.Debug|iPhone.ActiveCfg = Debug|iPhone
		{38DB8519-EF10-412C-8952-EB558AB474B2}.Debug|iPhone.Build.0 = Debug|iPhone
		{38DB8519-EF10-412C-8952-EB558AB474B2}.Debug|iPhone.Deploy.0 = Debug|iPhone
		{38DB8519-EF10-412C-8952-EB558AB474B2}.Debug|iPhoneSimulator.ActiveCfg = Debug|iPhoneSimulator
		{38DB8519-EF10-412C-8952-EB558AB474B2}.Debug|iPhoneSimulator.Build.0 = Debug|iPhoneSimulator
		{38DB8519-EF10-412C-8952-EB558AB474B2}.Debug|iPhoneSimulator.Deploy.0 = Debug|iPhoneSimulator
		{38DB8519-EF10-412C-8952-EB558AB474B2}.Debug|x64.ActiveCfg = Debug|iPhone
		{38DB8519-EF10-412C-8952-EB558AB474B2}.Debug|x64.Build.0 = Debug|iPhone
		{38DB8519-EF10-412C-8952-EB558AB474B2}.Debug|x64.Deploy.0 = Debug|iPhone
		{38DB8519-EF10-412C-8952-EB558AB474B2}.Debug|x86.ActiveCfg = Debug|iPhone
		{38DB8519-EF10-412C-8952-EB558AB474B2}.Debug|x86.Build.0 = Debug|iPhone
		{38DB8519-EF10-412C-8952-EB558AB474B2}.Debug|x86.Deploy.0 = Debug|iPhone
		{38DB8519-EF10-412C-8952-EB558AB474B2}.Release|Any CPU.ActiveCfg = Release|iPhone
		{38DB8519-EF10-412C-8952-EB558AB474B2}.Release|Any CPU.Build.0 = Release|iPhone
		{38DB8519-EF10-412C-8952-EB558AB474B2}.Release|Any CPU.Deploy.0 = Release|iPhone
		{38DB8519-EF10-412C-8952-EB558AB474B2}.Release|ARM.ActiveCfg = Release|iPhone
		{38DB8519-EF10-412C-8952-EB558AB474B2}.Release|ARM.Build.0 = Release|iPhone
		{38DB8519-EF10-412C-8952-EB558AB474B2}.Release|ARM.Deploy.0 = Release|iPhone
		{38DB8519-EF10-412C-8952-EB558AB474B2}.Release|iPhone.ActiveCfg = Release|iPhone
		{38DB8519-EF10-412C-8952-EB558AB474B2}.Release|iPhone.Build.0 = Release|iPhone
		{38DB8519-EF10-412C-8952-EB558AB474B2}.Release|iPhone.Deploy.0 = Release|iPhone
		{38DB8519-EF10-412C-8952-EB558AB474B2}.Release|iPhoneSimulator.ActiveCfg = Release|iPhoneSimulator
		{38DB8519-EF10-412C-8952-EB558AB474B2}.Release|iPhoneSimulator.Build.0 = Release|iPhoneSimulator
		{38DB8519-EF10-412C-8952-EB558AB474B2}.Release|iPhoneSimulator.Deploy.0 = Release|iPhoneSimulator
		{38DB8519-EF10-412C-8952-EB558AB474B2}.Release|x64.ActiveCfg = Release|iPhone
		{38DB8519-EF10-412C-8952-EB558AB474B2}.Release|x64.Build.0 = Release|iPhone
		{38DB8519-EF10-412C-8952-EB558AB474B2}.Release|x64.Deploy.0 = Release|iPhone
		{38DB8519-EF10-412C-8952-EB558AB474B2}.Release|x86.ActiveCfg = Release|iPhone
		{38DB8519-EF10-412C-8952-EB558AB474B2}.Release|x86.Build.0 = Release|iPhone
		{38DB8519-EF10-412C-8952-EB558AB474B2}.Release|x86.Deploy.0 = Release|iPhone
		{59121ED6-BAE1-4622-ADA3-C92D66201B1C}.Ad-Hoc|Any CPU.ActiveCfg = Release|x86
		{59121ED6-BAE1-4622-ADA3-C92D66201B1C}.Ad-Hoc|Any CPU.Build.0 = Release|x86
		{59121ED6-BAE1-4622-ADA3-C92D66201B1C}.Ad-Hoc|Any CPU.Deploy.0 = Release|x86
		{59121ED6-BAE1-4622-ADA3-C92D66201B1C}.Ad-Hoc|ARM.ActiveCfg = Release|ARM
		{59121ED6-BAE1-4622-ADA3-C92D66201B1C}.Ad-Hoc|ARM.Build.0 = Release|ARM
		{59121ED6-BAE1-4622-ADA3-C92D66201B1C}.Ad-Hoc|ARM.Deploy.0 = Release|ARM
		{59121ED6-BAE1-4622-ADA3-C92D66201B1C}.Ad-Hoc|iPhone.ActiveCfg = Release|x86
		{59121ED6-BAE1-4622-ADA3-C92D66201B1C}.Ad-Hoc|iPhone.Build.0 = Release|x86
		{59121ED6-BAE1-4622-ADA3-C92D66201B1C}.Ad-Hoc|iPhone.Deploy.0 = Release|x86
		{59121ED6-BAE1-4622-ADA3-C92D66201B1C}.Ad-Hoc|iPhoneSimulator.ActiveCfg = Release|x86
		{59121ED6-BAE1-4622-ADA3-C92D66201B1C}.Ad-Hoc|iPhoneSimulator.Build.0 = Release|x86
		{59121ED6-BAE1-4622-ADA3-C92D66201B1C}.Ad-Hoc|iPhoneSimulator.Deploy.0 = Release|x86
		{59121ED6-BAE1-4622-ADA3-C92D66201B1C}.Ad-Hoc|x64.ActiveCfg = Release|x64
		{59121ED6-BAE1-4622-ADA3-C92D66201B1C}.Ad-Hoc|x64.Build.0 = Release|x64
		{59121ED6-BAE1-4622-ADA3-C92D66201B1C}.Ad-Hoc|x64.Deploy.0 = Release|x64
		{59121ED6-BAE1-4622-ADA3-C92D66201B1C}.Ad-Hoc|x86.ActiveCfg = Release|x86
		{59121ED6-BAE1-4622-ADA3-C92D66201B1C}.Ad-Hoc|x86.Build.0 = Release|x86
		{59121ED6-BAE1-4622-ADA3-C92D66201B1C}.Ad-Hoc|x86.Deploy.0 = Release|x86
		{59121ED6-BAE1-4622-ADA3-C92D66201B1C}.AppStore|Any CPU.ActiveCfg = Release|x86
		{59121ED6-BAE1-4622-ADA3-C92D66201B1C}.AppStore|Any CPU.Build.0 = Release|x86
		{59121ED6-BAE1-4622-ADA3-C92D66201B1C}.AppStore|Any CPU.Deploy.0 = Release|x86
		{59121ED6-BAE1-4622-ADA3-C92D66201B1C}.AppStore|ARM.ActiveCfg = Release|ARM
		{59121ED6-BAE1-4622-ADA3-C92D66201B1C}.AppStore|ARM.Build.0 = Release|ARM
		{59121ED6-BAE1-4622-ADA3-C92D66201B1C}.AppStore|ARM.Deploy.0 = Release|ARM
		{59121ED6-BAE1-4622-ADA3-C92D66201B1C}.AppStore|iPhone.ActiveCfg = Release|x86
		{59121ED6-BAE1-4622-ADA3-C92D66201B1C}.AppStore|iPhone.Build.0 = Release|x86
		{59121ED6-BAE1-4622-ADA3-C92D66201B1C}.AppStore|iPhone.Deploy.0 = Release|x86
		{59121ED6-BAE1-4622-ADA3-C92D66201B1C}.AppStore|iPhoneSimulator.ActiveCfg = Release|x86
		{59121ED6-BAE1-4622-ADA3-C92D66201B1C}.AppStore|iPhoneSimulator.Build.0 = Release|x86
		{59121ED6-BAE1-4622-ADA3-C92D66201B1C}.AppStore|iPhoneSimulator.Deploy.0 = Release|x86
		{59121ED6-BAE1-4622-ADA3-C92D66201B1C}.AppStore|x64.ActiveCfg = Release|x64
		{59121ED6-BAE1-4622-ADA3-C92D66201B1C}.AppStore|x64.Build.0 = Release|x64
		{59121ED6-BAE1-4622-ADA3-C92D66201B1C}.AppStore|x64.Deploy.0 = Release|x64
		{59121ED6-BAE1-4622-ADA3-C92D66201B1C}.AppStore|x86.ActiveCfg = Release|x86
		{59121ED6-BAE1-4622-ADA3-C92D66201B1C}.AppStore|x86.Build.0 = Release|x86
		{59121ED6-BAE1-4622-ADA3-C92D66201B1C}.AppStore|x86.Deploy.0 = Release|x86
		{59121ED6-BAE1-4622-ADA3-C92D66201B1C}.Debug|Any CPU.ActiveCfg = Debug|x86
		{59121ED6-BAE1-4622-ADA3-C92D66201B1C}.Debug|Any CPU.Build.0 = Debug|x86
		{59121ED6-BAE1-4622-ADA3-C92D66201B1C}.Debug|Any CPU.Deploy.0 = Debug|x86
		{59121ED6-BAE1-4622-ADA3-C92D66201B1C}.Debug|ARM.ActiveCfg = Debug|ARM
		{59121ED6-BAE1-4622-ADA3-C92D66201B1C}.Debug|ARM.Build.0 = Debug|ARM
		{59121ED6-BAE1-4622-ADA3-C92D66201B1C}.Debug|ARM.Deploy.0 = Debug|ARM
		{59121ED6-BAE1-4622-ADA3-C92D66201B1C}.Debug|iPhone.ActiveCfg = Debug|x86
		{59121ED6-BAE1-4622-ADA3-C92D66201B1C}.Debug|iPhone.Build.0 = Debug|x86
		{59121ED6-BAE1-4622-ADA3-C92D66201B1C}.Debug|iPhone.Deploy.0 = Debug|x86
		{59121ED6-BAE1-4622-ADA3-C92D66201B1C}.Debug|iPhoneSimulator.ActiveCfg = Debug|x86
		{59121ED6-BAE1-4622-ADA3-C92D66201B1C}.Debug|iPhoneSimulator.Build.0 = Debug|x86
		{59121ED6-BAE1-4622-ADA3-C92D66201B1C}.Debug|iPhoneSimulator.Deploy.0 = Debug|x86
		{59121ED6-BAE1-4622-ADA3-C92D66201B1C}.Debug|x64.ActiveCfg = Debug|x64
		{59121ED6-BAE1-4622-ADA3-C92D66201B1C}.Debug|x64.Build.0 = Debug|x64
		{59121ED6-BAE1-4622-ADA3-C92D66201B1C}.Debug|x64.Deploy.0 = Debug|x64
		{59121ED6-BAE1-4622-ADA3-C92D66201B1C}.Debug|x86.ActiveCfg = Debug|x86
		{59121ED6-BAE1-4622-ADA3-C92D66201B1C}.Debug|x86.Build.0 = Debug|x86
		{59121ED6-BAE1-4622-ADA3-C92D66201B1C}.Debug|x86.Deploy.0 = Debug|x86
		{59121ED6-BAE1-4622-ADA3-C92D66201B1C}.Release|Any CPU.ActiveCfg = Release|x86
		{59121ED6-BAE1-4622-ADA3-C92D66201B1C}.Release|Any CPU.Build.0 = Release|x86
		{59121ED6-BAE1-4622-ADA3-C92D66201B1C}.Release|Any CPU.Deploy.0 = Release|x86
		{59121ED6-BAE1-4622-ADA3-C92D66201B1C}.Release|ARM.ActiveCfg = Release|ARM
		{59121ED6-BAE1-4622-ADA3-C92D66201B1C}.Release|ARM.Build.0 = Release|ARM
		{59121ED6-BAE1-4622-ADA3-C92D66201B1C}.Release|ARM.Deploy.0 = Release|ARM
		{59121ED6-BAE1-4622-ADA3-C92D66201B1C}.Release|iPhone.ActiveCfg = Release|x86
		{59121ED6-BAE1-4622-ADA3-C92D66201B1C}.Release|iPhone.Build.0 = Release|x86
		{59121ED6-BAE1-4622-ADA3-C92D66201B1C}.Release|iPhone.Deploy.0 = Release|x86
		{59121ED6-BAE1-4622-ADA3-C92D66201B1C}.Release|iPhoneSimulator.ActiveCfg = Release|x86
		{59121ED6-BAE1-4622-ADA3-C92D66201B1C}.Release|iPhoneSimulator.Build.0 = Release|x86
		{59121ED6-BAE1-4622-ADA3-C92D66201B1C}.Release|iPhoneSimulator.Deploy.0 = Release|x86
		{59121ED6-BAE1-4622-ADA3-C92D66201B1C}.Release|x64.ActiveCfg = Release|x64
		{59121ED6-BAE1-4622-ADA3-C92D66201B1C}.Release|x64.Build.0 = Release|x64
		{59121ED6-BAE1-4622-ADA3-C92D66201B1C}.Release|x64.Deploy.0 = Release|x64
		{59121ED6-BAE1-4622-ADA3-C92D66201B1C}.Release|x86.ActiveCfg = Release|x86
		{59121ED6-BAE1-4622-ADA3-C92D66201B1C}.Release|x86.Build.0 = Release|x86
		{59121ED6-BAE1-4622-ADA3-C92D66201B1C}.Release|x86.Deploy.0 = Release|x86
		{FDD2D1C0-6C82-4038-A1D8-C3B65BAE2915}.Ad-Hoc|Any CPU.ActiveCfg = Debug|Any CPU
		{FDD2D1C0-6C82-4038-A1D8-C3B65BAE2915}.Ad-Hoc|Any CPU.Build.0 = Debug|Any CPU
		{FDD2D1C0-6C82-4038-A1D8-C3B65BAE2915}.Ad-Hoc|Any CPU.Deploy.0 = Debug|Any CPU
		{FDD2D1C0-6C82-4038-A1D8-C3B65BAE2915}.Ad-Hoc|ARM.ActiveCfg = Debug|Any CPU
		{FDD2D1C0-6C82-4038-A1D8-C3B65BAE2915}.Ad-Hoc|ARM.Build.0 = Debug|Any CPU
		{FDD2D1C0-6C82-4038-A1D8-C3B65BAE2915}.Ad-Hoc|ARM.Deploy.0 = Debug|Any CPU
		{FDD2D1C0-6C82-4038-A1D8-C3B65BAE2915}.Ad-Hoc|iPhone.ActiveCfg = Debug|Any CPU
		{FDD2D1C0-6C82-4038-A1D8-C3B65BAE2915}.Ad-Hoc|iPhone.Build.0 = Debug|Any CPU
		{FDD2D1C0-6C82-4038-A1D8-C3B65BAE2915}.Ad-Hoc|iPhone.Deploy.0 = Debug|Any CPU
		{FDD2D1C0-6C82-4038-A1D8-C3B65BAE2915}.Ad-Hoc|iPhoneSimulator.ActiveCfg = Debug|Any CPU
		{FDD2D1C0-6C82-4038-A1D8-C3B65BAE2915}.Ad-Hoc|iPhoneSimulator.Build.0 = Debug|Any CPU
		{FDD2D1C0-6C82-4038-A1D8-C3B65BAE2915}.Ad-Hoc|iPhoneSimulator.Deploy.0 = Debug|Any CPU
		{FDD2D1C0-6C82-4038-A1D8-C3B65BAE2915}.Ad-Hoc|x64.ActiveCfg = Debug|Any CPU
		{FDD2D1C0-6C82-4038-A1D8-C3B65BAE2915}.Ad-Hoc|x64.Build.0 = Debug|Any CPU
		{FDD2D1C0-6C82-4038-A1D8-C3B65BAE2915}.Ad-Hoc|x64.Deploy.0 = Debug|Any CPU
		{FDD2D1C0-6C82-4038-A1D8-C3B65BAE2915}.Ad-Hoc|x86.ActiveCfg = Debug|Any CPU
		{FDD2D1C0-6C82-4038-A1D8-C3B65BAE2915}.Ad-Hoc|x86.Build.0 = Debug|Any CPU
		{FDD2D1C0-6C82-4038-A1D8-C3B65BAE2915}.Ad-Hoc|x86.Deploy.0 = Debug|Any CPU
		{FDD2D1C0-6C82-4038-A1D8-C3B65BAE2915}.AppStore|Any CPU.ActiveCfg = Debug|Any CPU
		{FDD2D1C0-6C82-4038-A1D8-C3B65BAE2915}.AppStore|Any CPU.Build.0 = Debug|Any CPU
		{FDD2D1C0-6C82-4038-A1D8-C3B65BAE2915}.AppStore|Any CPU.Deploy.0 = Debug|Any CPU
		{FDD2D1C0-6C82-4038-A1D8-C3B65BAE2915}.AppStore|ARM.ActiveCfg = Debug|Any CPU
		{FDD2D1C0-6C82-4038-A1D8-C3B65BAE2915}.AppStore|ARM.Build.0 = Debug|Any CPU
		{FDD2D1C0-6C82-4038-A1D8-C3B65BAE2915}.AppStore|ARM.Deploy.0 = Debug|Any CPU
		{FDD2D1C0-6C82-4038-A1D8-C3B65BAE2915}.AppStore|iPhone.ActiveCfg = Debug|Any CPU
		{FDD2D1C0-6C82-4038-A1D8-C3B65BAE2915}.AppStore|iPhone.Build.0 = Debug|Any CPU
		{FDD2D1C0-6C82-4038-A1D8-C3B65BAE2915}.AppStore|iPhone.Deploy.0 = Debug|Any CPU
		{FDD2D1C0-6C82-4038-A1D8-C3B65BAE2915}.AppStore|iPhoneSimulator.ActiveCfg = Debug|Any CPU
		{FDD2D1C0-6C82-4038-A1D8-C3B65BAE2915}.AppStore|iPhoneSimulator.Build.0 = Debug|Any CPU
		{FDD2D1C0-6C82-4038-A1D8-C3B65BAE2915}.AppStore|iPhoneSimulator.Deploy.0 = Debug|Any CPU
		{FDD2D1C0-6C82-4038-A1D8-C3B65BAE2915}.AppStore|x64.ActiveCfg = Debug|Any CPU
		{FDD2D1C0-6C82-4038-A1D8-C3B65BAE2915}.AppStore|x64.Build.0 = Debug|Any CPU
		{FDD2D1C0-6C82-4038-A1D8-C3B65BAE2915}.AppStore|x64.Deploy.0 = Debug|Any CPU
		{FDD2D1C0-6C82-4038-A1D8-C3B65BAE2915}.AppStore|x86.ActiveCfg = Debug|Any CPU
		{FDD2D1C0-6C82-4038-A1D8-C3B65BAE2915}.AppStore|x86.Build.0 = Debug|Any CPU
		{FDD2D1C0-6C82-4038-A1D8-C3B65BAE2915}.AppStore|x86.Deploy.0 = Debug|Any CPU
		{FDD2D1C0-6C82-4038-A1D8-C3B65BAE2915}.Debug|Any CPU.ActiveCfg = Debug|Any CPU
		{FDD2D1C0-6C82-4038-A1D8-C3B65BAE2915}.Debug|Any CPU.Build.0 = Debug|Any CPU
		{FDD2D1C0-6C82-4038-A1D8-C3B65BAE2915}.Debug|Any CPU.Deploy.0 = Debug|Any CPU
		{FDD2D1C0-6C82-4038-A1D8-C3B65BAE2915}.Debug|ARM.ActiveCfg = Debug|Any CPU
		{FDD2D1C0-6C82-4038-A1D8-C3B65BAE2915}.Debug|ARM.Build.0 = Debug|Any CPU
		{FDD2D1C0-6C82-4038-A1D8-C3B65BAE2915}.Debug|ARM.Deploy.0 = Debug|Any CPU
		{FDD2D1C0-6C82-4038-A1D8-C3B65BAE2915}.Debug|iPhone.ActiveCfg = Debug|Any CPU
		{FDD2D1C0-6C82-4038-A1D8-C3B65BAE2915}.Debug|iPhone.Build.0 = Debug|Any CPU
		{FDD2D1C0-6C82-4038-A1D8-C3B65BAE2915}.Debug|iPhone.Deploy.0 = Debug|Any CPU
		{FDD2D1C0-6C82-4038-A1D8-C3B65BAE2915}.Debug|iPhoneSimulator.ActiveCfg = Debug|Any CPU
		{FDD2D1C0-6C82-4038-A1D8-C3B65BAE2915}.Debug|iPhoneSimulator.Build.0 = Debug|Any CPU
		{FDD2D1C0-6C82-4038-A1D8-C3B65BAE2915}.Debug|iPhoneSimulator.Deploy.0 = Debug|Any CPU
		{FDD2D1C0-6C82-4038-A1D8-C3B65BAE2915}.Debug|x64.ActiveCfg = Debug|Any CPU
		{FDD2D1C0-6C82-4038-A1D8-C3B65BAE2915}.Debug|x64.Build.0 = Debug|Any CPU
		{FDD2D1C0-6C82-4038-A1D8-C3B65BAE2915}.Debug|x64.Deploy.0 = Debug|Any CPU
		{FDD2D1C0-6C82-4038-A1D8-C3B65BAE2915}.Debug|x86.ActiveCfg = Debug|Any CPU
		{FDD2D1C0-6C82-4038-A1D8-C3B65BAE2915}.Debug|x86.Build.0 = Debug|Any CPU
		{FDD2D1C0-6C82-4038-A1D8-C3B65BAE2915}.Debug|x86.Deploy.0 = Debug|Any CPU
		{FDD2D1C0-6C82-4038-A1D8-C3B65BAE2915}.Release|Any CPU.ActiveCfg = Release|Any CPU
		{FDD2D1C0-6C82-4038-A1D8-C3B65BAE2915}.Release|Any CPU.Build.0 = Release|Any CPU
		{FDD2D1C0-6C82-4038-A1D8-C3B65BAE2915}.Release|Any CPU.Deploy.0 = Release|Any CPU
		{FDD2D1C0-6C82-4038-A1D8-C3B65BAE2915}.Release|ARM.ActiveCfg = Release|Any CPU
		{FDD2D1C0-6C82-4038-A1D8-C3B65BAE2915}.Release|ARM.Build.0 = Release|Any CPU
		{FDD2D1C0-6C82-4038-A1D8-C3B65BAE2915}.Release|ARM.Deploy.0 = Release|Any CPU
		{FDD2D1C0-6C82-4038-A1D8-C3B65BAE2915}.Release|iPhone.ActiveCfg = Release|Any CPU
		{FDD2D1C0-6C82-4038-A1D8-C3B65BAE2915}.Release|iPhone.Build.0 = Release|Any CPU
		{FDD2D1C0-6C82-4038-A1D8-C3B65BAE2915}.Release|iPhone.Deploy.0 = Release|Any CPU
		{FDD2D1C0-6C82-4038-A1D8-C3B65BAE2915}.Release|iPhoneSimulator.ActiveCfg = Release|Any CPU
		{FDD2D1C0-6C82-4038-A1D8-C3B65BAE2915}.Release|iPhoneSimulator.Build.0 = Release|Any CPU
		{FDD2D1C0-6C82-4038-A1D8-C3B65BAE2915}.Release|iPhoneSimulator.Deploy.0 = Release|Any CPU
		{FDD2D1C0-6C82-4038-A1D8-C3B65BAE2915}.Release|x64.ActiveCfg = Release|Any CPU
		{FDD2D1C0-6C82-4038-A1D8-C3B65BAE2915}.Release|x64.Build.0 = Release|Any CPU
		{FDD2D1C0-6C82-4038-A1D8-C3B65BAE2915}.Release|x64.Deploy.0 = Release|Any CPU
		{FDD2D1C0-6C82-4038-A1D8-C3B65BAE2915}.Release|x86.ActiveCfg = Release|Any CPU
		{FDD2D1C0-6C82-4038-A1D8-C3B65BAE2915}.Release|x86.Build.0 = Release|Any CPU
		{FDD2D1C0-6C82-4038-A1D8-C3B65BAE2915}.Release|x86.Deploy.0 = Release|Any CPU
		{F2616BEA-6D63-4804-89E1-9F590FF6A571}.Ad-Hoc|Any CPU.ActiveCfg = Debug|Any CPU
		{F2616BEA-6D63-4804-89E1-9F590FF6A571}.Ad-Hoc|Any CPU.Build.0 = Debug|Any CPU
		{F2616BEA-6D63-4804-89E1-9F590FF6A571}.Ad-Hoc|ARM.ActiveCfg = Debug|Any CPU
		{F2616BEA-6D63-4804-89E1-9F590FF6A571}.Ad-Hoc|ARM.Build.0 = Debug|Any CPU
		{F2616BEA-6D63-4804-89E1-9F590FF6A571}.Ad-Hoc|iPhone.ActiveCfg = Debug|Any CPU
		{F2616BEA-6D63-4804-89E1-9F590FF6A571}.Ad-Hoc|iPhone.Build.0 = Debug|Any CPU
		{F2616BEA-6D63-4804-89E1-9F590FF6A571}.Ad-Hoc|iPhoneSimulator.ActiveCfg = Debug|Any CPU
		{F2616BEA-6D63-4804-89E1-9F590FF6A571}.Ad-Hoc|iPhoneSimulator.Build.0 = Debug|Any CPU
		{F2616BEA-6D63-4804-89E1-9F590FF6A571}.Ad-Hoc|x64.ActiveCfg = Debug|Any CPU
		{F2616BEA-6D63-4804-89E1-9F590FF6A571}.Ad-Hoc|x64.Build.0 = Debug|Any CPU
		{F2616BEA-6D63-4804-89E1-9F590FF6A571}.Ad-Hoc|x86.ActiveCfg = Debug|Any CPU
		{F2616BEA-6D63-4804-89E1-9F590FF6A571}.Ad-Hoc|x86.Build.0 = Debug|Any CPU
		{F2616BEA-6D63-4804-89E1-9F590FF6A571}.AppStore|Any CPU.ActiveCfg = Debug|Any CPU
		{F2616BEA-6D63-4804-89E1-9F590FF6A571}.AppStore|Any CPU.Build.0 = Debug|Any CPU
		{F2616BEA-6D63-4804-89E1-9F590FF6A571}.AppStore|ARM.ActiveCfg = Debug|Any CPU
		{F2616BEA-6D63-4804-89E1-9F590FF6A571}.AppStore|ARM.Build.0 = Debug|Any CPU
		{F2616BEA-6D63-4804-89E1-9F590FF6A571}.AppStore|iPhone.ActiveCfg = Debug|Any CPU
		{F2616BEA-6D63-4804-89E1-9F590FF6A571}.AppStore|iPhone.Build.0 = Debug|Any CPU
		{F2616BEA-6D63-4804-89E1-9F590FF6A571}.AppStore|iPhoneSimulator.ActiveCfg = Debug|Any CPU
		{F2616BEA-6D63-4804-89E1-9F590FF6A571}.AppStore|iPhoneSimulator.Build.0 = Debug|Any CPU
		{F2616BEA-6D63-4804-89E1-9F590FF6A571}.AppStore|x64.ActiveCfg = Debug|Any CPU
		{F2616BEA-6D63-4804-89E1-9F590FF6A571}.AppStore|x64.Build.0 = Debug|Any CPU
		{F2616BEA-6D63-4804-89E1-9F590FF6A571}.AppStore|x86.ActiveCfg = Debug|Any CPU
		{F2616BEA-6D63-4804-89E1-9F590FF6A571}.AppStore|x86.Build.0 = Debug|Any CPU
		{F2616BEA-6D63-4804-89E1-9F590FF6A571}.Debug|Any CPU.ActiveCfg = Debug|Any CPU
		{F2616BEA-6D63-4804-89E1-9F590FF6A571}.Debug|Any CPU.Build.0 = Debug|Any CPU
		{F2616BEA-6D63-4804-89E1-9F590FF6A571}.Debug|ARM.ActiveCfg = Debug|Any CPU
		{F2616BEA-6D63-4804-89E1-9F590FF6A571}.Debug|ARM.Build.0 = Debug|Any CPU
		{F2616BEA-6D63-4804-89E1-9F590FF6A571}.Debug|iPhone.ActiveCfg = Debug|Any CPU
		{F2616BEA-6D63-4804-89E1-9F590FF6A571}.Debug|iPhone.Build.0 = Debug|Any CPU
		{F2616BEA-6D63-4804-89E1-9F590FF6A571}.Debug|iPhoneSimulator.ActiveCfg = Debug|Any CPU
		{F2616BEA-6D63-4804-89E1-9F590FF6A571}.Debug|iPhoneSimulator.Build.0 = Debug|Any CPU
		{F2616BEA-6D63-4804-89E1-9F590FF6A571}.Debug|x64.ActiveCfg = Debug|Any CPU
		{F2616BEA-6D63-4804-89E1-9F590FF6A571}.Debug|x64.Build.0 = Debug|Any CPU
		{F2616BEA-6D63-4804-89E1-9F590FF6A571}.Debug|x86.ActiveCfg = Debug|Any CPU
		{F2616BEA-6D63-4804-89E1-9F590FF6A571}.Debug|x86.Build.0 = Debug|Any CPU
		{F2616BEA-6D63-4804-89E1-9F590FF6A571}.Release|Any CPU.ActiveCfg = Release|Any CPU
		{F2616BEA-6D63-4804-89E1-9F590FF6A571}.Release|Any CPU.Build.0 = Release|Any CPU
		{F2616BEA-6D63-4804-89E1-9F590FF6A571}.Release|ARM.ActiveCfg = Release|Any CPU
		{F2616BEA-6D63-4804-89E1-9F590FF6A571}.Release|ARM.Build.0 = Release|Any CPU
		{F2616BEA-6D63-4804-89E1-9F590FF6A571}.Release|iPhone.ActiveCfg = Release|Any CPU
		{F2616BEA-6D63-4804-89E1-9F590FF6A571}.Release|iPhone.Build.0 = Release|Any CPU
		{F2616BEA-6D63-4804-89E1-9F590FF6A571}.Release|iPhoneSimulator.ActiveCfg = Release|Any CPU
		{F2616BEA-6D63-4804-89E1-9F590FF6A571}.Release|iPhoneSimulator.Build.0 = Release|Any CPU
		{F2616BEA-6D63-4804-89E1-9F590FF6A571}.Release|x64.ActiveCfg = Release|Any CPU
		{F2616BEA-6D63-4804-89E1-9F590FF6A571}.Release|x64.Build.0 = Release|Any CPU
		{F2616BEA-6D63-4804-89E1-9F590FF6A571}.Release|x86.ActiveCfg = Release|Any CPU
		{F2616BEA-6D63-4804-89E1-9F590FF6A571}.Release|x86.Build.0 = Release|Any CPU
		{1557F11A-244E-4DCF-BB90-B01C916E84E8}.Ad-Hoc|Any CPU.ActiveCfg = Release|Any CPU
		{1557F11A-244E-4DCF-BB90-B01C916E84E8}.Ad-Hoc|Any CPU.Build.0 = Release|Any CPU
		{1557F11A-244E-4DCF-BB90-B01C916E84E8}.Ad-Hoc|ARM.ActiveCfg = Release|Any CPU
		{1557F11A-244E-4DCF-BB90-B01C916E84E8}.Ad-Hoc|ARM.Build.0 = Release|Any CPU
		{1557F11A-244E-4DCF-BB90-B01C916E84E8}.Ad-Hoc|iPhone.ActiveCfg = Release|Any CPU
		{1557F11A-244E-4DCF-BB90-B01C916E84E8}.Ad-Hoc|iPhone.Build.0 = Release|Any CPU
		{1557F11A-244E-4DCF-BB90-B01C916E84E8}.Ad-Hoc|iPhoneSimulator.ActiveCfg = Release|Any CPU
		{1557F11A-244E-4DCF-BB90-B01C916E84E8}.Ad-Hoc|iPhoneSimulator.Build.0 = Release|Any CPU
		{1557F11A-244E-4DCF-BB90-B01C916E84E8}.Ad-Hoc|x64.ActiveCfg = Release|Any CPU
		{1557F11A-244E-4DCF-BB90-B01C916E84E8}.Ad-Hoc|x64.Build.0 = Release|Any CPU
		{1557F11A-244E-4DCF-BB90-B01C916E84E8}.Ad-Hoc|x86.ActiveCfg = Release|Any CPU
		{1557F11A-244E-4DCF-BB90-B01C916E84E8}.Ad-Hoc|x86.Build.0 = Release|Any CPU
		{1557F11A-244E-4DCF-BB90-B01C916E84E8}.AppStore|Any CPU.ActiveCfg = Release|Any CPU
		{1557F11A-244E-4DCF-BB90-B01C916E84E8}.AppStore|Any CPU.Build.0 = Release|Any CPU
		{1557F11A-244E-4DCF-BB90-B01C916E84E8}.AppStore|ARM.ActiveCfg = Release|Any CPU
		{1557F11A-244E-4DCF-BB90-B01C916E84E8}.AppStore|ARM.Build.0 = Release|Any CPU
		{1557F11A-244E-4DCF-BB90-B01C916E84E8}.AppStore|iPhone.ActiveCfg = Release|Any CPU
		{1557F11A-244E-4DCF-BB90-B01C916E84E8}.AppStore|iPhone.Build.0 = Release|Any CPU
		{1557F11A-244E-4DCF-BB90-B01C916E84E8}.AppStore|iPhoneSimulator.ActiveCfg = Release|Any CPU
		{1557F11A-244E-4DCF-BB90-B01C916E84E8}.AppStore|iPhoneSimulator.Build.0 = Release|Any CPU
		{1557F11A-244E-4DCF-BB90-B01C916E84E8}.AppStore|x64.ActiveCfg = Release|Any CPU
		{1557F11A-244E-4DCF-BB90-B01C916E84E8}.AppStore|x64.Build.0 = Release|Any CPU
		{1557F11A-244E-4DCF-BB90-B01C916E84E8}.AppStore|x86.ActiveCfg = Release|Any CPU
		{1557F11A-244E-4DCF-BB90-B01C916E84E8}.AppStore|x86.Build.0 = Release|Any CPU
		{1557F11A-244E-4DCF-BB90-B01C916E84E8}.Debug|Any CPU.ActiveCfg = Debug|Any CPU
		{1557F11A-244E-4DCF-BB90-B01C916E84E8}.Debug|Any CPU.Build.0 = Debug|Any CPU
		{1557F11A-244E-4DCF-BB90-B01C916E84E8}.Debug|ARM.ActiveCfg = Debug|Any CPU
		{1557F11A-244E-4DCF-BB90-B01C916E84E8}.Debug|ARM.Build.0 = Debug|Any CPU
		{1557F11A-244E-4DCF-BB90-B01C916E84E8}.Debug|iPhone.ActiveCfg = Debug|Any CPU
		{1557F11A-244E-4DCF-BB90-B01C916E84E8}.Debug|iPhone.Build.0 = Debug|Any CPU
		{1557F11A-244E-4DCF-BB90-B01C916E84E8}.Debug|iPhoneSimulator.ActiveCfg = Debug|Any CPU
		{1557F11A-244E-4DCF-BB90-B01C916E84E8}.Debug|iPhoneSimulator.Build.0 = Debug|Any CPU
		{1557F11A-244E-4DCF-BB90-B01C916E84E8}.Debug|x64.ActiveCfg = Debug|Any CPU
		{1557F11A-244E-4DCF-BB90-B01C916E84E8}.Debug|x64.Build.0 = Debug|Any CPU
		{1557F11A-244E-4DCF-BB90-B01C916E84E8}.Debug|x86.ActiveCfg = Debug|Any CPU
		{1557F11A-244E-4DCF-BB90-B01C916E84E8}.Debug|x86.Build.0 = Debug|Any CPU
		{1557F11A-244E-4DCF-BB90-B01C916E84E8}.Release|Any CPU.ActiveCfg = Release|Any CPU
		{1557F11A-244E-4DCF-BB90-B01C916E84E8}.Release|Any CPU.Build.0 = Release|Any CPU
		{1557F11A-244E-4DCF-BB90-B01C916E84E8}.Release|ARM.ActiveCfg = Release|Any CPU
		{1557F11A-244E-4DCF-BB90-B01C916E84E8}.Release|ARM.Build.0 = Release|Any CPU
		{1557F11A-244E-4DCF-BB90-B01C916E84E8}.Release|iPhone.ActiveCfg = Release|Any CPU
		{1557F11A-244E-4DCF-BB90-B01C916E84E8}.Release|iPhone.Build.0 = Release|Any CPU
		{1557F11A-244E-4DCF-BB90-B01C916E84E8}.Release|iPhoneSimulator.ActiveCfg = Release|Any CPU
		{1557F11A-244E-4DCF-BB90-B01C916E84E8}.Release|iPhoneSimulator.Build.0 = Release|Any CPU
		{1557F11A-244E-4DCF-BB90-B01C916E84E8}.Release|x64.ActiveCfg = Release|Any CPU
		{1557F11A-244E-4DCF-BB90-B01C916E84E8}.Release|x64.Build.0 = Release|Any CPU
		{1557F11A-244E-4DCF-BB90-B01C916E84E8}.Release|x86.ActiveCfg = Release|Any CPU
		{1557F11A-244E-4DCF-BB90-B01C916E84E8}.Release|x86.Build.0 = Release|Any CPU
	EndGlobalSection
	GlobalSection(SolutionProperties) = preSolution
		HideSolutionNode = FALSE
	EndGlobalSection
	GlobalSection(ExtensibilityGlobals) = postSolution
		SolutionGuid = {0429EA95-5155-467C-85FF-C0A301868059}
	EndGlobalSection
EndGlobal
